// !$*UTF8*$!
{
	archiveVersion = 1;
	classes = {
	};
	objectVersion = 46;
	objects = {

/* Begin PBXBuildFile section */
		BB1E75961780605C005A5A98 /* NewsViewController.m in Sources */ = {isa = PBXBuildFile; fileRef = BB1E75951780605C005A5A98 /* NewsViewController.m */; };
		BB1E759D178060A9005A5A98 /* NewsDetailViewController.m in Sources */ = {isa = PBXBuildFile; fileRef = BB1E7598178060A9005A5A98 /* NewsDetailViewController.m */; };
		BB1E759E178060A9005A5A98 /* NewsViewImageCell.m in Sources */ = {isa = PBXBuildFile; fileRef = BB1E759A178060A9005A5A98 /* NewsViewImageCell.m */; };
		BB1E759F178060A9005A5A98 /* NewsViewNewsCell.m in Sources */ = {isa = PBXBuildFile; fileRef = BB1E759C178060A9005A5A98 /* NewsViewNewsCell.m */; };
		BB1E7606178065F7005A5A98 /* NSArray+TKCategory.m in Sources */ = {isa = PBXBuildFile; fileRef = BB1E75A2178065F7005A5A98 /* NSArray+TKCategory.m */; };
		BB1E7607178065F7005A5A98 /* NSDate+CalendarGrid.m in Sources */ = {isa = PBXBuildFile; fileRef = BB1E75A4178065F7005A5A98 /* NSDate+CalendarGrid.m */; };
		BB1E7608178065F7005A5A98 /* NSDate+TKCategory.m in Sources */ = {isa = PBXBuildFile; fileRef = BB1E75A6178065F7005A5A98 /* NSDate+TKCategory.m */; };
		BB1E7609178065F7005A5A98 /* NSMutableArray+TKCategory.m in Sources */ = {isa = PBXBuildFile; fileRef = BB1E75A8178065F7005A5A98 /* NSMutableArray+TKCategory.m */; };
		BB1E760A178065F7005A5A98 /* NSObject+TKCategory.m in Sources */ = {isa = PBXBuildFile; fileRef = BB1E75AA178065F7005A5A98 /* NSObject+TKCategory.m */; };
		BB1E760B178065F7005A5A98 /* NSString+TKCategory.m in Sources */ = {isa = PBXBuildFile; fileRef = BB1E75AC178065F7005A5A98 /* NSString+TKCategory.m */; };
		BB1E760C178065F7005A5A98 /* TKAlertCenter.m in Sources */ = {isa = PBXBuildFile; fileRef = BB1E75AF178065F7005A5A98 /* TKAlertCenter.m */; };
		BB1E760D178065F7005A5A98 /* TKAppDelegate.m in Sources */ = {isa = PBXBuildFile; fileRef = BB1E75B1178065F7005A5A98 /* TKAppDelegate.m */; };
		BB1E760E178065F7005A5A98 /* TKButtonCell.m in Sources */ = {isa = PBXBuildFile; fileRef = BB1E75B3178065F7005A5A98 /* TKButtonCell.m */; };
		BB1E760F178065F7005A5A98 /* TKCalendarDayEventView.m in Sources */ = {isa = PBXBuildFile; fileRef = BB1E75B5178065F7005A5A98 /* TKCalendarDayEventView.m */; };
		BB1E7610178065F7005A5A98 /* TKCalendarDayView.m in Sources */ = {isa = PBXBuildFile; fileRef = BB1E75B7178065F7005A5A98 /* TKCalendarDayView.m */; };
		BB1E7611178065F7005A5A98 /* TKCalendarDayViewController.m in Sources */ = {isa = PBXBuildFile; fileRef = BB1E75B9178065F7005A5A98 /* TKCalendarDayViewController.m */; };
		BB1E7612178065F7005A5A98 /* TKCalendarMonthTableViewController.m in Sources */ = {isa = PBXBuildFile; fileRef = BB1E75BB178065F7005A5A98 /* TKCalendarMonthTableViewController.m */; };
		BB1E7613178065F7005A5A98 /* TKCalendarMonthView.m in Sources */ = {isa = PBXBuildFile; fileRef = BB1E75BD178065F7005A5A98 /* TKCalendarMonthView.m */; };
		BB1E7614178065F7005A5A98 /* TKCalendarMonthViewController.m in Sources */ = {isa = PBXBuildFile; fileRef = BB1E75BF178065F7005A5A98 /* TKCalendarMonthViewController.m */; };
		BB1E7615178065F7005A5A98 /* TKCoverflowView.m in Sources */ = {isa = PBXBuildFile; fileRef = BB1E75C1178065F7005A5A98 /* TKCoverflowView.m */; };
		BB1E7616178065F7005A5A98 /* TKEmptyView.m in Sources */ = {isa = PBXBuildFile; fileRef = BB1E75C3178065F7005A5A98 /* TKEmptyView.m */; };
		BB1E7617178065F7005A5A98 /* TKGlobal.m in Sources */ = {isa = PBXBuildFile; fileRef = BB1E75C5178065F7005A5A98 /* TKGlobal.m */; };
		BB1E7618178065F7005A5A98 /* TKGradientView.m in Sources */ = {isa = PBXBuildFile; fileRef = BB1E75C7178065F7005A5A98 /* TKGradientView.m */; };
		BB1E7619178065F7005A5A98 /* TKHTTPRequest.m in Sources */ = {isa = PBXBuildFile; fileRef = BB1E75C9178065F7005A5A98 /* TKHTTPRequest.m */; };
		BB1E761A178065F7005A5A98 /* TKImageCache.m in Sources */ = {isa = PBXBuildFile; fileRef = BB1E75CB178065F7005A5A98 /* TKImageCache.m */; };
		BB1E761B178065F7005A5A98 /* TKLabelCell.m in Sources */ = {isa = PBXBuildFile; fileRef = BB1E75CD178065F7005A5A98 /* TKLabelCell.m */; };
		BB1E761C178065F7005A5A98 /* TKLabelFieldCell.m in Sources */ = {isa = PBXBuildFile; fileRef = BB1E75CF178065F7005A5A98 /* TKLabelFieldCell.m */; };
		BB1E761D178065F7005A5A98 /* TKLabelSwitchCell.m in Sources */ = {isa = PBXBuildFile; fileRef = BB1E75D1178065F7005A5A98 /* TKLabelSwitchCell.m */; };
		BB1E761E178065F7005A5A98 /* TKLabelTextFieldCell.m in Sources */ = {isa = PBXBuildFile; fileRef = BB1E75D3178065F7005A5A98 /* TKLabelTextFieldCell.m */; };
		BB1E761F178065F7005A5A98 /* TKLabelTextViewCell.m in Sources */ = {isa = PBXBuildFile; fileRef = BB1E75D5178065F7005A5A98 /* TKLabelTextViewCell.m */; };
		BB1E7620178065F7005A5A98 /* TKLoadingView.m in Sources */ = {isa = PBXBuildFile; fileRef = BB1E75D7178065F7005A5A98 /* TKLoadingView.m */; };
		BB1E7621178065F7005A5A98 /* TKNetworkQueue.m in Sources */ = {isa = PBXBuildFile; fileRef = BB1E75D9178065F7005A5A98 /* TKNetworkQueue.m */; };
		BB1E7622178065F7005A5A98 /* TKProgressAlertView.m in Sources */ = {isa = PBXBuildFile; fileRef = BB1E75DB178065F7005A5A98 /* TKProgressAlertView.m */; };
		BB1E7623178065F7005A5A98 /* TKProgressBarView.m in Sources */ = {isa = PBXBuildFile; fileRef = BB1E75DD178065F7005A5A98 /* TKProgressBarView.m */; };
		BB1E7624178065F7005A5A98 /* TKProgressCircleView.m in Sources */ = {isa = PBXBuildFile; fileRef = BB1E75DF178065F7005A5A98 /* TKProgressCircleView.m */; };
		BB1E7625178065F7005A5A98 /* TKShapeView.m in Sources */ = {isa = PBXBuildFile; fileRef = BB1E75E1178065F7005A5A98 /* TKShapeView.m */; };
		BB1E7626178065F7005A5A98 /* TKSlideToUnlockView.m in Sources */ = {isa = PBXBuildFile; fileRef = BB1E75E3178065F7005A5A98 /* TKSlideToUnlockView.m */; };
		BB1E7627178065F7005A5A98 /* TKSwitchCell.m in Sources */ = {isa = PBXBuildFile; fileRef = BB1E75E5178065F7005A5A98 /* TKSwitchCell.m */; };
		BB1E7628178065F7005A5A98 /* TKTableViewCell.m in Sources */ = {isa = PBXBuildFile; fileRef = BB1E75E7178065F7005A5A98 /* TKTableViewCell.m */; };
		BB1E7629178065F7005A5A98 /* TKTableViewController.m in Sources */ = {isa = PBXBuildFile; fileRef = BB1E75E9178065F7005A5A98 /* TKTableViewController.m */; };
		BB1E762A178065F7005A5A98 /* TKTextFieldCell.m in Sources */ = {isa = PBXBuildFile; fileRef = BB1E75EB178065F7005A5A98 /* TKTextFieldCell.m */; };
		BB1E762B178065F7005A5A98 /* TKTextView.m in Sources */ = {isa = PBXBuildFile; fileRef = BB1E75ED178065F7005A5A98 /* TKTextView.m */; };
		BB1E762C178065F7005A5A98 /* TKTextViewCell.m in Sources */ = {isa = PBXBuildFile; fileRef = BB1E75EF178065F7005A5A98 /* TKTextViewCell.m */; };
		BB1E762D178065F7005A5A98 /* TKViewController.m in Sources */ = {isa = PBXBuildFile; fileRef = BB1E75F1178065F7005A5A98 /* TKViewController.m */; };
		BB1E762E178065F7005A5A98 /* TKWebViewController.m in Sources */ = {isa = PBXBuildFile; fileRef = BB1E75F3178065F7005A5A98 /* TKWebViewController.m */; };
		BB1E762F178065F7005A5A98 /* TKWindow.m in Sources */ = {isa = PBXBuildFile; fileRef = BB1E75F5178065F7005A5A98 /* TKWindow.m */; };
		BB1E7630178065F7005A5A98 /* UIBarButtonItem+TKCategory.m in Sources */ = {isa = PBXBuildFile; fileRef = BB1E75F7178065F7005A5A98 /* UIBarButtonItem+TKCategory.m */; };
		BB1E7631178065F7005A5A98 /* UIButton+TKCategory.m in Sources */ = {isa = PBXBuildFile; fileRef = BB1E75F9178065F7005A5A98 /* UIButton+TKCategory.m */; };
		BB1E7632178065F7005A5A98 /* UIColor+TKCategory.m in Sources */ = {isa = PBXBuildFile; fileRef = BB1E75FB178065F7005A5A98 /* UIColor+TKCategory.m */; };
		BB1E7633178065F7005A5A98 /* UIImage+TKCategory.m in Sources */ = {isa = PBXBuildFile; fileRef = BB1E75FD178065F7005A5A98 /* UIImage+TKCategory.m */; };
		BB1E7634178065F7005A5A98 /* UIImagePickerController+TKCategory.m in Sources */ = {isa = PBXBuildFile; fileRef = BB1E75FF178065F7005A5A98 /* UIImagePickerController+TKCategory.m */; };
		BB1E7635178065F7005A5A98 /* UIImageView+TKCategory.m in Sources */ = {isa = PBXBuildFile; fileRef = BB1E7601178065F7005A5A98 /* UIImageView+TKCategory.m */; };
		BB1E7636178065F7005A5A98 /* UIScrollview+TKCategory.m in Sources */ = {isa = PBXBuildFile; fileRef = BB1E7603178065F7005A5A98 /* UIScrollview+TKCategory.m */; };
		BB1E7637178065F7005A5A98 /* UIView+TKCategory.m in Sources */ = {isa = PBXBuildFile; fileRef = BB1E7605178065F7005A5A98 /* UIView+TKCategory.m */; };
		BB1E765C178067CC005A5A98 /* RankViewController.m in Sources */ = {isa = PBXBuildFile; fileRef = BB1E7639178067CC005A5A98 /* RankViewController.m */; };
		BB1E765D178067CC005A5A98 /* SuggestionView.m in Sources */ = {isa = PBXBuildFile; fileRef = BB1E763B178067CC005A5A98 /* SuggestionView.m */; };
		BB1E765E178067CC005A5A98 /* WatchViewController.m in Sources */ = {isa = PBXBuildFile; fileRef = BB1E763D178067CC005A5A98 /* WatchViewController.m */; };
		BB1E765F178067CC005A5A98 /* WatchListViewController.m in Sources */ = {isa = PBXBuildFile; fileRef = BB1E763F178067CC005A5A98 /* WatchListViewController.m */; };
		BB1E7660178067CC005A5A98 /* WatchListCell.m in Sources */ = {isa = PBXBuildFile; fileRef = BB1E7641178067CC005A5A98 /* WatchListCell.m */; };
		BB1E7661178067CC005A5A98 /* ShopViewController.m in Sources */ = {isa = PBXBuildFile; fileRef = BB1E7643178067CC005A5A98 /* ShopViewController.m */; };
		BB1E7662178067CC005A5A98 /* WatchDetailViewController.m in Sources */ = {isa = PBXBuildFile; fileRef = BB1E7645178067CC005A5A98 /* WatchDetailViewController.m */; };
		BB1E7663178067CC005A5A98 /* CommentListViewController.m in Sources */ = {isa = PBXBuildFile; fileRef = BB1E7647178067CC005A5A98 /* CommentListViewController.m */; };
		BB1E7664178067CC005A5A98 /* WatchDetailInfoCell.m in Sources */ = {isa = PBXBuildFile; fileRef = BB1E7649178067CC005A5A98 /* WatchDetailInfoCell.m */; };
		BB1E7665178067CC005A5A98 /* WatchDetailCommentCell.m in Sources */ = {isa = PBXBuildFile; fileRef = BB1E764B178067CC005A5A98 /* WatchDetailCommentCell.m */; };
		BB1E7666178067CC005A5A98 /* AddCommentViewController.m in Sources */ = {isa = PBXBuildFile; fileRef = BB1E764D178067CC005A5A98 /* AddCommentViewController.m */; };
		BB1E7667178067CC005A5A98 /* ShopAnnotation.m in Sources */ = {isa = PBXBuildFile; fileRef = BB1E764F178067CC005A5A98 /* ShopAnnotation.m */; };
		BB1E7668178067CC005A5A98 /* SettingsViewController.m in Sources */ = {isa = PBXBuildFile; fileRef = BB1E7651178067CC005A5A98 /* SettingsViewController.m */; };
		BB1E7669178067CC005A5A98 /* SettingsCell.m in Sources */ = {isa = PBXBuildFile; fileRef = BB1E7653178067CC005A5A98 /* SettingsCell.m */; };
		BB1E766A178067CC005A5A98 /* LoginViewController.m in Sources */ = {isa = PBXBuildFile; fileRef = BB1E7655178067CC005A5A98 /* LoginViewController.m */; };
		BB1E766B178067CC005A5A98 /* RegisterViewController.m in Sources */ = {isa = PBXBuildFile; fileRef = BB1E7657178067CC005A5A98 /* RegisterViewController.m */; };
		BB1E766C178067CC005A5A98 /* InputCell.m in Sources */ = {isa = PBXBuildFile; fileRef = BB1E7659178067CC005A5A98 /* InputCell.m */; };
		BB1E766D178067CC005A5A98 /* StarIconView.m in Sources */ = {isa = PBXBuildFile; fileRef = BB1E765B178067CC005A5A98 /* StarIconView.m */; };
		BB1E767017806C1E005A5A98 /* MapKit.framework in Frameworks */ = {isa = PBXBuildFile; fileRef = BB1E766F17806C1E005A5A98 /* MapKit.framework */; };
		BB1E767417806C2C005A5A98 /* ImageIO.framework in Frameworks */ = {isa = PBXBuildFile; fileRef = BB1E767117806C2C005A5A98 /* ImageIO.framework */; };
		BB1E767517806C2C005A5A98 /* CoreImage.framework in Frameworks */ = {isa = PBXBuildFile; fileRef = BB1E767217806C2C005A5A98 /* CoreImage.framework */; };
		BB1E767617806C2C005A5A98 /* CoreLocation.framework in Frameworks */ = {isa = PBXBuildFile; fileRef = BB1E767317806C2C005A5A98 /* CoreLocation.framework */; };
		BB1E767917806CC4005A5A98 /* Constants.m in Sources */ = {isa = PBXBuildFile; fileRef = BB1E767817806CC4005A5A98 /* Constants.m */; };
		BB1E767F178075A9005A5A98 /* UIGlossyButton.m in Sources */ = {isa = PBXBuildFile; fileRef = BB1E767C178075A9005A5A98 /* UIGlossyButton.m */; };
		BB1E7680178075A9005A5A98 /* UIView+LayerEffects.m in Sources */ = {isa = PBXBuildFile; fileRef = BB1E767E178075A9005A5A98 /* UIView+LayerEffects.m */; };
		BB3BE242174747A600773B16 /* UIKit.framework in Frameworks */ = {isa = PBXBuildFile; fileRef = BB3BE241174747A600773B16 /* UIKit.framework */; };
		BB3BE244174747A600773B16 /* Foundation.framework in Frameworks */ = {isa = PBXBuildFile; fileRef = BB3BE243174747A600773B16 /* Foundation.framework */; };
		BB3BE246174747A600773B16 /* CoreGraphics.framework in Frameworks */ = {isa = PBXBuildFile; fileRef = BB3BE245174747A600773B16 /* CoreGraphics.framework */; };
		BB3BE24C174747A600773B16 /* InfoPlist.strings in Resources */ = {isa = PBXBuildFile; fileRef = BB3BE24A174747A600773B16 /* InfoPlist.strings */; };
		BB3BE24E174747A600773B16 /* main.m in Sources */ = {isa = PBXBuildFile; fileRef = BB3BE24D174747A600773B16 /* main.m */; };
		BB3BE252174747A600773B16 /* AppDelegate.m in Sources */ = {isa = PBXBuildFile; fileRef = BB3BE251174747A600773B16 /* AppDelegate.m */; };
		BB3BE254174747A600773B16 /* Default.png in Resources */ = {isa = PBXBuildFile; fileRef = BB3BE253174747A600773B16 /* Default.png */; };
		BB3BE256174747A600773B16 /* Default@2x.png in Resources */ = {isa = PBXBuildFile; fileRef = BB3BE255174747A600773B16 /* Default@2x.png */; };
		BB3BE258174747A600773B16 /* Default-568h@2x.png in Resources */ = {isa = PBXBuildFile; fileRef = BB3BE257174747A600773B16 /* Default-568h@2x.png */; };
		BB3BE2751747487100773B16 /* AKTab.m in Sources */ = {isa = PBXBuildFile; fileRef = BB3BE2681747487100773B16 /* AKTab.m */; };
		BB3BE2761747487100773B16 /* AKTabBar.m in Sources */ = {isa = PBXBuildFile; fileRef = BB3BE26A1747487100773B16 /* AKTabBar.m */; };
		BB3BE2771747487100773B16 /* AKTabBarController.bundle in Resources */ = {isa = PBXBuildFile; fileRef = BB3BE26C1747487100773B16 /* AKTabBarController.bundle */; };
		BB3BE2781747487100773B16 /* AKTabBarController.m in Sources */ = {isa = PBXBuildFile; fileRef = BB3BE26E1747487100773B16 /* AKTabBarController.m */; };
		BB3BE2791747487100773B16 /* AKTabBarView.m in Sources */ = {isa = PBXBuildFile; fileRef = BB3BE2701747487100773B16 /* AKTabBarView.m */; };
		BB3BE27A1747487100773B16 /* UINavigationController+AKTabBarController.m in Sources */ = {isa = PBXBuildFile; fileRef = BB3BE2721747487100773B16 /* UINavigationController+AKTabBarController.m */; };
		BB3BE27B1747487100773B16 /* UIViewController+AKTabBarController.m in Sources */ = {isa = PBXBuildFile; fileRef = BB3BE2741747487100773B16 /* UIViewController+AKTabBarController.m */; };
		BB3BE27D17474A0F00773B16 /* QuartzCore.framework in Frameworks */ = {isa = PBXBuildFile; fileRef = BB3BE27C17474A0F00773B16 /* QuartzCore.framework */; };
		BB3BE28517474BEB00773B16 /* Reachability.m in Sources */ = {isa = PBXBuildFile; fileRef = BB3BE28417474BEB00773B16 /* Reachability.m */; settings = {COMPILER_FLAGS = "-fno-objc-arc"; }; };
		BB3BE30017474D2400773B16 /* libxml2.dylib in Frameworks */ = {isa = PBXBuildFile; fileRef = BB3BE2FF17474D2400773B16 /* libxml2.dylib */; };
		BB3BE30217474D5200773B16 /* libz.dylib in Frameworks */ = {isa = PBXBuildFile; fileRef = BB3BE30117474D5200773B16 /* libz.dylib */; };
		BB3BE30617474E0100773B16 /* SystemConfiguration.framework in Frameworks */ = {isa = PBXBuildFile; fileRef = BB3BE30517474E0100773B16 /* SystemConfiguration.framework */; };
		BB3BE30817474E2100773B16 /* MobileCoreServices.framework in Frameworks */ = {isa = PBXBuildFile; fileRef = BB3BE30717474E2100773B16 /* MobileCoreServices.framework */; };
		BB3BE3111747579A00773B16 /* ThemeManager.m in Sources */ = {isa = PBXBuildFile; fileRef = BB3BE3101747579A00773B16 /* ThemeManager.m */; };
		BB3BE3151747582400773B16 /* DefaultTheme.m in Sources */ = {isa = PBXBuildFile; fileRef = BB3BE3141747582400773B16 /* DefaultTheme.m */; };
		BB3BE31817475AD100773B16 /* CoreData.framework in Frameworks */ = {isa = PBXBuildFile; fileRef = BB3BE31717475AD100773B16 /* CoreData.framework */; };
		BB3BE32117475D4400773B16 /* DataModelFactory.m in Sources */ = {isa = PBXBuildFile; fileRef = BB3BE32017475D4400773B16 /* DataModelFactory.m */; };
		BB3BE32417475DA200773B16 /* CachingDataModel.xcdatamodeld in Sources */ = {isa = PBXBuildFile; fileRef = BB3BE32217475DA200773B16 /* CachingDataModel.xcdatamodeld */; };
		BB3BE32D1747679900773B16 /* _Watch.m in Sources */ = {isa = PBXBuildFile; fileRef = BB3BE3291747679900773B16 /* _Watch.m */; };
		BB3BE32E1747679900773B16 /* _WatchStore.m in Sources */ = {isa = PBXBuildFile; fileRef = BB3BE32B1747679900773B16 /* _WatchStore.m */; };
		BB3BE33C174768A700773B16 /* NSManagedObjectContext+Utilities.m in Sources */ = {isa = PBXBuildFile; fileRef = BB3BE33B174768A700773B16 /* NSManagedObjectContext+Utilities.m */; };
		BB3BE3441747698B00773B16 /* Watch.m in Sources */ = {isa = PBXBuildFile; fileRef = BB3BE3401747697700773B16 /* Watch.m */; };
		BB3BE3451747698B00773B16 /* WatchStore.m in Sources */ = {isa = PBXBuildFile; fileRef = BB3BE3421747698300773B16 /* WatchStore.m */; };
		BB3BE34D174775FF00773B16 /* HomeViewController.xib in Resources */ = {isa = PBXBuildFile; fileRef = BB3BE34B174775FF00773B16 /* HomeViewController.xib */; };
		BB6D9011174A79430078D5B1 /* _User.m in Sources */ = {isa = PBXBuildFile; fileRef = BB6D9010174A79430078D5B1 /* _User.m */; };
		BB6D9014174A794D0078D5B1 /* User.m in Sources */ = {isa = PBXBuildFile; fileRef = BB6D9013174A794D0078D5B1 /* User.m */; };
		BBBDFF2E17478A09008498DE /* AFHTTPClient.m in Sources */ = {isa = PBXBuildFile; fileRef = BBBDFF1C17478A09008498DE /* AFHTTPClient.m */; };
		BBBDFF2F17478A09008498DE /* AFHTTPRequestOperation.m in Sources */ = {isa = PBXBuildFile; fileRef = BBBDFF1E17478A09008498DE /* AFHTTPRequestOperation.m */; };
		BBBDFF3017478A09008498DE /* AFImageRequestOperation.m in Sources */ = {isa = PBXBuildFile; fileRef = BBBDFF2017478A09008498DE /* AFImageRequestOperation.m */; };
		BBBDFF3117478A09008498DE /* AFJSONRequestOperation.m in Sources */ = {isa = PBXBuildFile; fileRef = BBBDFF2217478A09008498DE /* AFJSONRequestOperation.m */; };
		BBBDFF3217478A09008498DE /* AFNetworkActivityIndicatorManager.m in Sources */ = {isa = PBXBuildFile; fileRef = BBBDFF2417478A09008498DE /* AFNetworkActivityIndicatorManager.m */; };
		BBBDFF3317478A09008498DE /* AFPropertyListRequestOperation.m in Sources */ = {isa = PBXBuildFile; fileRef = BBBDFF2717478A09008498DE /* AFPropertyListRequestOperation.m */; };
		BBBDFF3417478A09008498DE /* AFURLConnectionOperation.m in Sources */ = {isa = PBXBuildFile; fileRef = BBBDFF2917478A09008498DE /* AFURLConnectionOperation.m */; };
		BBBDFF3517478A09008498DE /* AFXMLRequestOperation.m in Sources */ = {isa = PBXBuildFile; fileRef = BBBDFF2B17478A09008498DE /* AFXMLRequestOperation.m */; };
		BBBDFF3617478A09008498DE /* UIImageView+AFNetworking.m in Sources */ = {isa = PBXBuildFile; fileRef = BBBDFF2D17478A09008498DE /* UIImageView+AFNetworking.m */; };
		BBBDFF391747D34E008498DE /* NetworkClient.m in Sources */ = {isa = PBXBuildFile; fileRef = BBBDFF381747D34E008498DE /* NetworkClient.m */; };
/* End PBXBuildFile section */

/* Begin PBXFileReference section */
		BB1E75941780605C005A5A98 /* NewsViewController.h */ = {isa = PBXFileReference; fileEncoding = 4; lastKnownFileType = sourcecode.c.h; path = NewsViewController.h; sourceTree = "<group>"; };
		BB1E75951780605C005A5A98 /* NewsViewController.m */ = {isa = PBXFileReference; fileEncoding = 4; lastKnownFileType = sourcecode.c.objc; path = NewsViewController.m; sourceTree = "<group>"; };
		BB1E7597178060A9005A5A98 /* NewsDetailViewController.h */ = {isa = PBXFileReference; fileEncoding = 4; lastKnownFileType = sourcecode.c.h; path = NewsDetailViewController.h; sourceTree = "<group>"; };
		BB1E7598178060A9005A5A98 /* NewsDetailViewController.m */ = {isa = PBXFileReference; fileEncoding = 4; lastKnownFileType = sourcecode.c.objc; path = NewsDetailViewController.m; sourceTree = "<group>"; };
		BB1E7599178060A9005A5A98 /* NewsViewImageCell.h */ = {isa = PBXFileReference; fileEncoding = 4; lastKnownFileType = sourcecode.c.h; path = NewsViewImageCell.h; sourceTree = "<group>"; };
		BB1E759A178060A9005A5A98 /* NewsViewImageCell.m */ = {isa = PBXFileReference; fileEncoding = 4; lastKnownFileType = sourcecode.c.objc; path = NewsViewImageCell.m; sourceTree = "<group>"; };
		BB1E759B178060A9005A5A98 /* NewsViewNewsCell.h */ = {isa = PBXFileReference; fileEncoding = 4; lastKnownFileType = sourcecode.c.h; path = NewsViewNewsCell.h; sourceTree = "<group>"; };
		BB1E759C178060A9005A5A98 /* NewsViewNewsCell.m */ = {isa = PBXFileReference; fileEncoding = 4; lastKnownFileType = sourcecode.c.objc; path = NewsViewNewsCell.m; sourceTree = "<group>"; };
		BB1E75A1178065F7005A5A98 /* NSArray+TKCategory.h */ = {isa = PBXFileReference; fileEncoding = 4; lastKnownFileType = sourcecode.c.h; path = "NSArray+TKCategory.h"; sourceTree = "<group>"; };
		BB1E75A2178065F7005A5A98 /* NSArray+TKCategory.m */ = {isa = PBXFileReference; fileEncoding = 4; lastKnownFileType = sourcecode.c.objc; path = "NSArray+TKCategory.m"; sourceTree = "<group>"; };
		BB1E75A3178065F7005A5A98 /* NSDate+CalendarGrid.h */ = {isa = PBXFileReference; fileEncoding = 4; lastKnownFileType = sourcecode.c.h; path = "NSDate+CalendarGrid.h"; sourceTree = "<group>"; };
		BB1E75A4178065F7005A5A98 /* NSDate+CalendarGrid.m */ = {isa = PBXFileReference; fileEncoding = 4; lastKnownFileType = sourcecode.c.objc; path = "NSDate+CalendarGrid.m"; sourceTree = "<group>"; };
		BB1E75A5178065F7005A5A98 /* NSDate+TKCategory.h */ = {isa = PBXFileReference; fileEncoding = 4; lastKnownFileType = sourcecode.c.h; path = "NSDate+TKCategory.h"; sourceTree = "<group>"; };
		BB1E75A6178065F7005A5A98 /* NSDate+TKCategory.m */ = {isa = PBXFileReference; fileEncoding = 4; lastKnownFileType = sourcecode.c.objc; path = "NSDate+TKCategory.m"; sourceTree = "<group>"; };
		BB1E75A7178065F7005A5A98 /* NSMutableArray+TKCategory.h */ = {isa = PBXFileReference; fileEncoding = 4; lastKnownFileType = sourcecode.c.h; path = "NSMutableArray+TKCategory.h"; sourceTree = "<group>"; };
		BB1E75A8178065F7005A5A98 /* NSMutableArray+TKCategory.m */ = {isa = PBXFileReference; fileEncoding = 4; lastKnownFileType = sourcecode.c.objc; path = "NSMutableArray+TKCategory.m"; sourceTree = "<group>"; };
		BB1E75A9178065F7005A5A98 /* NSObject+TKCategory.h */ = {isa = PBXFileReference; fileEncoding = 4; lastKnownFileType = sourcecode.c.h; path = "NSObject+TKCategory.h"; sourceTree = "<group>"; };
		BB1E75AA178065F7005A5A98 /* NSObject+TKCategory.m */ = {isa = PBXFileReference; fileEncoding = 4; lastKnownFileType = sourcecode.c.objc; path = "NSObject+TKCategory.m"; sourceTree = "<group>"; };
		BB1E75AB178065F7005A5A98 /* NSString+TKCategory.h */ = {isa = PBXFileReference; fileEncoding = 4; lastKnownFileType = sourcecode.c.h; path = "NSString+TKCategory.h"; sourceTree = "<group>"; };
		BB1E75AC178065F7005A5A98 /* NSString+TKCategory.m */ = {isa = PBXFileReference; fileEncoding = 4; lastKnownFileType = sourcecode.c.objc; path = "NSString+TKCategory.m"; sourceTree = "<group>"; };
		BB1E75AD178065F7005A5A98 /* TapkuLibrary.h */ = {isa = PBXFileReference; fileEncoding = 4; lastKnownFileType = sourcecode.c.h; path = TapkuLibrary.h; sourceTree = "<group>"; };
		BB1E75AE178065F7005A5A98 /* TKAlertCenter.h */ = {isa = PBXFileReference; fileEncoding = 4; lastKnownFileType = sourcecode.c.h; path = TKAlertCenter.h; sourceTree = "<group>"; };
		BB1E75AF178065F7005A5A98 /* TKAlertCenter.m */ = {isa = PBXFileReference; fileEncoding = 4; lastKnownFileType = sourcecode.c.objc; path = TKAlertCenter.m; sourceTree = "<group>"; };
		BB1E75B0178065F7005A5A98 /* TKAppDelegate.h */ = {isa = PBXFileReference; fileEncoding = 4; lastKnownFileType = sourcecode.c.h; path = TKAppDelegate.h; sourceTree = "<group>"; };
		BB1E75B1178065F7005A5A98 /* TKAppDelegate.m */ = {isa = PBXFileReference; fileEncoding = 4; lastKnownFileType = sourcecode.c.objc; path = TKAppDelegate.m; sourceTree = "<group>"; };
		BB1E75B2178065F7005A5A98 /* TKButtonCell.h */ = {isa = PBXFileReference; fileEncoding = 4; lastKnownFileType = sourcecode.c.h; path = TKButtonCell.h; sourceTree = "<group>"; };
		BB1E75B3178065F7005A5A98 /* TKButtonCell.m */ = {isa = PBXFileReference; fileEncoding = 4; lastKnownFileType = sourcecode.c.objc; path = TKButtonCell.m; sourceTree = "<group>"; };
		BB1E75B4178065F7005A5A98 /* TKCalendarDayEventView.h */ = {isa = PBXFileReference; fileEncoding = 4; lastKnownFileType = sourcecode.c.h; path = TKCalendarDayEventView.h; sourceTree = "<group>"; };
		BB1E75B5178065F7005A5A98 /* TKCalendarDayEventView.m */ = {isa = PBXFileReference; fileEncoding = 4; lastKnownFileType = sourcecode.c.objc; path = TKCalendarDayEventView.m; sourceTree = "<group>"; };
		BB1E75B6178065F7005A5A98 /* TKCalendarDayView.h */ = {isa = PBXFileReference; fileEncoding = 4; lastKnownFileType = sourcecode.c.h; path = TKCalendarDayView.h; sourceTree = "<group>"; };
		BB1E75B7178065F7005A5A98 /* TKCalendarDayView.m */ = {isa = PBXFileReference; fileEncoding = 4; lastKnownFileType = sourcecode.c.objc; path = TKCalendarDayView.m; sourceTree = "<group>"; };
		BB1E75B8178065F7005A5A98 /* TKCalendarDayViewController.h */ = {isa = PBXFileReference; fileEncoding = 4; lastKnownFileType = sourcecode.c.h; path = TKCalendarDayViewController.h; sourceTree = "<group>"; };
		BB1E75B9178065F7005A5A98 /* TKCalendarDayViewController.m */ = {isa = PBXFileReference; fileEncoding = 4; lastKnownFileType = sourcecode.c.objc; path = TKCalendarDayViewController.m; sourceTree = "<group>"; };
		BB1E75BA178065F7005A5A98 /* TKCalendarMonthTableViewController.h */ = {isa = PBXFileReference; fileEncoding = 4; lastKnownFileType = sourcecode.c.h; path = TKCalendarMonthTableViewController.h; sourceTree = "<group>"; };
		BB1E75BB178065F7005A5A98 /* TKCalendarMonthTableViewController.m */ = {isa = PBXFileReference; fileEncoding = 4; lastKnownFileType = sourcecode.c.objc; path = TKCalendarMonthTableViewController.m; sourceTree = "<group>"; };
		BB1E75BC178065F7005A5A98 /* TKCalendarMonthView.h */ = {isa = PBXFileReference; fileEncoding = 4; lastKnownFileType = sourcecode.c.h; path = TKCalendarMonthView.h; sourceTree = "<group>"; };
		BB1E75BD178065F7005A5A98 /* TKCalendarMonthView.m */ = {isa = PBXFileReference; fileEncoding = 4; lastKnownFileType = sourcecode.c.objc; path = TKCalendarMonthView.m; sourceTree = "<group>"; };
		BB1E75BE178065F7005A5A98 /* TKCalendarMonthViewController.h */ = {isa = PBXFileReference; fileEncoding = 4; lastKnownFileType = sourcecode.c.h; path = TKCalendarMonthViewController.h; sourceTree = "<group>"; };
		BB1E75BF178065F7005A5A98 /* TKCalendarMonthViewController.m */ = {isa = PBXFileReference; fileEncoding = 4; lastKnownFileType = sourcecode.c.objc; path = TKCalendarMonthViewController.m; sourceTree = "<group>"; };
		BB1E75C0178065F7005A5A98 /* TKCoverflowView.h */ = {isa = PBXFileReference; fileEncoding = 4; lastKnownFileType = sourcecode.c.h; path = TKCoverflowView.h; sourceTree = "<group>"; };
		BB1E75C1178065F7005A5A98 /* TKCoverflowView.m */ = {isa = PBXFileReference; fileEncoding = 4; lastKnownFileType = sourcecode.c.objc; path = TKCoverflowView.m; sourceTree = "<group>"; };
		BB1E75C2178065F7005A5A98 /* TKEmptyView.h */ = {isa = PBXFileReference; fileEncoding = 4; lastKnownFileType = sourcecode.c.h; path = TKEmptyView.h; sourceTree = "<group>"; };
		BB1E75C3178065F7005A5A98 /* TKEmptyView.m */ = {isa = PBXFileReference; fileEncoding = 4; lastKnownFileType = sourcecode.c.objc; path = TKEmptyView.m; sourceTree = "<group>"; };
		BB1E75C4178065F7005A5A98 /* TKGlobal.h */ = {isa = PBXFileReference; fileEncoding = 4; lastKnownFileType = sourcecode.c.h; path = TKGlobal.h; sourceTree = "<group>"; };
		BB1E75C5178065F7005A5A98 /* TKGlobal.m */ = {isa = PBXFileReference; fileEncoding = 4; lastKnownFileType = sourcecode.c.objc; path = TKGlobal.m; sourceTree = "<group>"; };
		BB1E75C6178065F7005A5A98 /* TKGradientView.h */ = {isa = PBXFileReference; fileEncoding = 4; lastKnownFileType = sourcecode.c.h; path = TKGradientView.h; sourceTree = "<group>"; };
		BB1E75C7178065F7005A5A98 /* TKGradientView.m */ = {isa = PBXFileReference; fileEncoding = 4; lastKnownFileType = sourcecode.c.objc; path = TKGradientView.m; sourceTree = "<group>"; };
		BB1E75C8178065F7005A5A98 /* TKHTTPRequest.h */ = {isa = PBXFileReference; fileEncoding = 4; lastKnownFileType = sourcecode.c.h; path = TKHTTPRequest.h; sourceTree = "<group>"; };
		BB1E75C9178065F7005A5A98 /* TKHTTPRequest.m */ = {isa = PBXFileReference; fileEncoding = 4; lastKnownFileType = sourcecode.c.objc; path = TKHTTPRequest.m; sourceTree = "<group>"; };
		BB1E75CA178065F7005A5A98 /* TKImageCache.h */ = {isa = PBXFileReference; fileEncoding = 4; lastKnownFileType = sourcecode.c.h; path = TKImageCache.h; sourceTree = "<group>"; };
		BB1E75CB178065F7005A5A98 /* TKImageCache.m */ = {isa = PBXFileReference; fileEncoding = 4; lastKnownFileType = sourcecode.c.objc; path = TKImageCache.m; sourceTree = "<group>"; };
		BB1E75CC178065F7005A5A98 /* TKLabelCell.h */ = {isa = PBXFileReference; fileEncoding = 4; lastKnownFileType = sourcecode.c.h; path = TKLabelCell.h; sourceTree = "<group>"; };
		BB1E75CD178065F7005A5A98 /* TKLabelCell.m */ = {isa = PBXFileReference; fileEncoding = 4; lastKnownFileType = sourcecode.c.objc; path = TKLabelCell.m; sourceTree = "<group>"; };
		BB1E75CE178065F7005A5A98 /* TKLabelFieldCell.h */ = {isa = PBXFileReference; fileEncoding = 4; lastKnownFileType = sourcecode.c.h; path = TKLabelFieldCell.h; sourceTree = "<group>"; };
		BB1E75CF178065F7005A5A98 /* TKLabelFieldCell.m */ = {isa = PBXFileReference; fileEncoding = 4; lastKnownFileType = sourcecode.c.objc; path = TKLabelFieldCell.m; sourceTree = "<group>"; };
		BB1E75D0178065F7005A5A98 /* TKLabelSwitchCell.h */ = {isa = PBXFileReference; fileEncoding = 4; lastKnownFileType = sourcecode.c.h; path = TKLabelSwitchCell.h; sourceTree = "<group>"; };
		BB1E75D1178065F7005A5A98 /* TKLabelSwitchCell.m */ = {isa = PBXFileReference; fileEncoding = 4; lastKnownFileType = sourcecode.c.objc; path = TKLabelSwitchCell.m; sourceTree = "<group>"; };
		BB1E75D2178065F7005A5A98 /* TKLabelTextFieldCell.h */ = {isa = PBXFileReference; fileEncoding = 4; lastKnownFileType = sourcecode.c.h; path = TKLabelTextFieldCell.h; sourceTree = "<group>"; };
		BB1E75D3178065F7005A5A98 /* TKLabelTextFieldCell.m */ = {isa = PBXFileReference; fileEncoding = 4; lastKnownFileType = sourcecode.c.objc; path = TKLabelTextFieldCell.m; sourceTree = "<group>"; };
		BB1E75D4178065F7005A5A98 /* TKLabelTextViewCell.h */ = {isa = PBXFileReference; fileEncoding = 4; lastKnownFileType = sourcecode.c.h; path = TKLabelTextViewCell.h; sourceTree = "<group>"; };
		BB1E75D5178065F7005A5A98 /* TKLabelTextViewCell.m */ = {isa = PBXFileReference; fileEncoding = 4; lastKnownFileType = sourcecode.c.objc; path = TKLabelTextViewCell.m; sourceTree = "<group>"; };
		BB1E75D6178065F7005A5A98 /* TKLoadingView.h */ = {isa = PBXFileReference; fileEncoding = 4; lastKnownFileType = sourcecode.c.h; path = TKLoadingView.h; sourceTree = "<group>"; };
		BB1E75D7178065F7005A5A98 /* TKLoadingView.m */ = {isa = PBXFileReference; fileEncoding = 4; lastKnownFileType = sourcecode.c.objc; path = TKLoadingView.m; sourceTree = "<group>"; };
		BB1E75D8178065F7005A5A98 /* TKNetworkQueue.h */ = {isa = PBXFileReference; fileEncoding = 4; lastKnownFileType = sourcecode.c.h; path = TKNetworkQueue.h; sourceTree = "<group>"; };
		BB1E75D9178065F7005A5A98 /* TKNetworkQueue.m */ = {isa = PBXFileReference; fileEncoding = 4; lastKnownFileType = sourcecode.c.objc; path = TKNetworkQueue.m; sourceTree = "<group>"; };
		BB1E75DA178065F7005A5A98 /* TKProgressAlertView.h */ = {isa = PBXFileReference; fileEncoding = 4; lastKnownFileType = sourcecode.c.h; path = TKProgressAlertView.h; sourceTree = "<group>"; };
		BB1E75DB178065F7005A5A98 /* TKProgressAlertView.m */ = {isa = PBXFileReference; fileEncoding = 4; lastKnownFileType = sourcecode.c.objc; path = TKProgressAlertView.m; sourceTree = "<group>"; };
		BB1E75DC178065F7005A5A98 /* TKProgressBarView.h */ = {isa = PBXFileReference; fileEncoding = 4; lastKnownFileType = sourcecode.c.h; path = TKProgressBarView.h; sourceTree = "<group>"; };
		BB1E75DD178065F7005A5A98 /* TKProgressBarView.m */ = {isa = PBXFileReference; fileEncoding = 4; lastKnownFileType = sourcecode.c.objc; path = TKProgressBarView.m; sourceTree = "<group>"; };
		BB1E75DE178065F7005A5A98 /* TKProgressCircleView.h */ = {isa = PBXFileReference; fileEncoding = 4; lastKnownFileType = sourcecode.c.h; path = TKProgressCircleView.h; sourceTree = "<group>"; };
		BB1E75DF178065F7005A5A98 /* TKProgressCircleView.m */ = {isa = PBXFileReference; fileEncoding = 4; lastKnownFileType = sourcecode.c.objc; path = TKProgressCircleView.m; sourceTree = "<group>"; };
		BB1E75E0178065F7005A5A98 /* TKShapeView.h */ = {isa = PBXFileReference; fileEncoding = 4; lastKnownFileType = sourcecode.c.h; path = TKShapeView.h; sourceTree = "<group>"; };
		BB1E75E1178065F7005A5A98 /* TKShapeView.m */ = {isa = PBXFileReference; fileEncoding = 4; lastKnownFileType = sourcecode.c.objc; path = TKShapeView.m; sourceTree = "<group>"; };
		BB1E75E2178065F7005A5A98 /* TKSlideToUnlockView.h */ = {isa = PBXFileReference; fileEncoding = 4; lastKnownFileType = sourcecode.c.h; path = TKSlideToUnlockView.h; sourceTree = "<group>"; };
		BB1E75E3178065F7005A5A98 /* TKSlideToUnlockView.m */ = {isa = PBXFileReference; fileEncoding = 4; lastKnownFileType = sourcecode.c.objc; path = TKSlideToUnlockView.m; sourceTree = "<group>"; };
		BB1E75E4178065F7005A5A98 /* TKSwitchCell.h */ = {isa = PBXFileReference; fileEncoding = 4; lastKnownFileType = sourcecode.c.h; path = TKSwitchCell.h; sourceTree = "<group>"; };
		BB1E75E5178065F7005A5A98 /* TKSwitchCell.m */ = {isa = PBXFileReference; fileEncoding = 4; lastKnownFileType = sourcecode.c.objc; path = TKSwitchCell.m; sourceTree = "<group>"; };
		BB1E75E6178065F7005A5A98 /* TKTableViewCell.h */ = {isa = PBXFileReference; fileEncoding = 4; lastKnownFileType = sourcecode.c.h; path = TKTableViewCell.h; sourceTree = "<group>"; };
		BB1E75E7178065F7005A5A98 /* TKTableViewCell.m */ = {isa = PBXFileReference; fileEncoding = 4; lastKnownFileType = sourcecode.c.objc; path = TKTableViewCell.m; sourceTree = "<group>"; };
		BB1E75E8178065F7005A5A98 /* TKTableViewController.h */ = {isa = PBXFileReference; fileEncoding = 4; lastKnownFileType = sourcecode.c.h; path = TKTableViewController.h; sourceTree = "<group>"; };
		BB1E75E9178065F7005A5A98 /* TKTableViewController.m */ = {isa = PBXFileReference; fileEncoding = 4; lastKnownFileType = sourcecode.c.objc; path = TKTableViewController.m; sourceTree = "<group>"; };
		BB1E75EA178065F7005A5A98 /* TKTextFieldCell.h */ = {isa = PBXFileReference; fileEncoding = 4; lastKnownFileType = sourcecode.c.h; path = TKTextFieldCell.h; sourceTree = "<group>"; };
		BB1E75EB178065F7005A5A98 /* TKTextFieldCell.m */ = {isa = PBXFileReference; fileEncoding = 4; lastKnownFileType = sourcecode.c.objc; path = TKTextFieldCell.m; sourceTree = "<group>"; };
		BB1E75EC178065F7005A5A98 /* TKTextView.h */ = {isa = PBXFileReference; fileEncoding = 4; lastKnownFileType = sourcecode.c.h; path = TKTextView.h; sourceTree = "<group>"; };
		BB1E75ED178065F7005A5A98 /* TKTextView.m */ = {isa = PBXFileReference; fileEncoding = 4; lastKnownFileType = sourcecode.c.objc; path = TKTextView.m; sourceTree = "<group>"; };
		BB1E75EE178065F7005A5A98 /* TKTextViewCell.h */ = {isa = PBXFileReference; fileEncoding = 4; lastKnownFileType = sourcecode.c.h; path = TKTextViewCell.h; sourceTree = "<group>"; };
		BB1E75EF178065F7005A5A98 /* TKTextViewCell.m */ = {isa = PBXFileReference; fileEncoding = 4; lastKnownFileType = sourcecode.c.objc; path = TKTextViewCell.m; sourceTree = "<group>"; };
		BB1E75F0178065F7005A5A98 /* TKViewController.h */ = {isa = PBXFileReference; fileEncoding = 4; lastKnownFileType = sourcecode.c.h; path = TKViewController.h; sourceTree = "<group>"; };
		BB1E75F1178065F7005A5A98 /* TKViewController.m */ = {isa = PBXFileReference; fileEncoding = 4; lastKnownFileType = sourcecode.c.objc; path = TKViewController.m; sourceTree = "<group>"; };
		BB1E75F2178065F7005A5A98 /* TKWebViewController.h */ = {isa = PBXFileReference; fileEncoding = 4; lastKnownFileType = sourcecode.c.h; path = TKWebViewController.h; sourceTree = "<group>"; };
		BB1E75F3178065F7005A5A98 /* TKWebViewController.m */ = {isa = PBXFileReference; fileEncoding = 4; lastKnownFileType = sourcecode.c.objc; path = TKWebViewController.m; sourceTree = "<group>"; };
		BB1E75F4178065F7005A5A98 /* TKWindow.h */ = {isa = PBXFileReference; fileEncoding = 4; lastKnownFileType = sourcecode.c.h; path = TKWindow.h; sourceTree = "<group>"; };
		BB1E75F5178065F7005A5A98 /* TKWindow.m */ = {isa = PBXFileReference; fileEncoding = 4; lastKnownFileType = sourcecode.c.objc; path = TKWindow.m; sourceTree = "<group>"; };
		BB1E75F6178065F7005A5A98 /* UIBarButtonItem+TKCategory.h */ = {isa = PBXFileReference; fileEncoding = 4; lastKnownFileType = sourcecode.c.h; path = "UIBarButtonItem+TKCategory.h"; sourceTree = "<group>"; };
		BB1E75F7178065F7005A5A98 /* UIBarButtonItem+TKCategory.m */ = {isa = PBXFileReference; fileEncoding = 4; lastKnownFileType = sourcecode.c.objc; path = "UIBarButtonItem+TKCategory.m"; sourceTree = "<group>"; };
		BB1E75F8178065F7005A5A98 /* UIButton+TKCategory.h */ = {isa = PBXFileReference; fileEncoding = 4; lastKnownFileType = sourcecode.c.h; path = "UIButton+TKCategory.h"; sourceTree = "<group>"; };
		BB1E75F9178065F7005A5A98 /* UIButton+TKCategory.m */ = {isa = PBXFileReference; fileEncoding = 4; lastKnownFileType = sourcecode.c.objc; path = "UIButton+TKCategory.m"; sourceTree = "<group>"; };
		BB1E75FA178065F7005A5A98 /* UIColor+TKCategory.h */ = {isa = PBXFileReference; fileEncoding = 4; lastKnownFileType = sourcecode.c.h; path = "UIColor+TKCategory.h"; sourceTree = "<group>"; };
		BB1E75FB178065F7005A5A98 /* UIColor+TKCategory.m */ = {isa = PBXFileReference; fileEncoding = 4; lastKnownFileType = sourcecode.c.objc; path = "UIColor+TKCategory.m"; sourceTree = "<group>"; };
		BB1E75FC178065F7005A5A98 /* UIImage+TKCategory.h */ = {isa = PBXFileReference; fileEncoding = 4; lastKnownFileType = sourcecode.c.h; path = "UIImage+TKCategory.h"; sourceTree = "<group>"; };
		BB1E75FD178065F7005A5A98 /* UIImage+TKCategory.m */ = {isa = PBXFileReference; fileEncoding = 4; lastKnownFileType = sourcecode.c.objc; path = "UIImage+TKCategory.m"; sourceTree = "<group>"; };
		BB1E75FE178065F7005A5A98 /* UIImagePickerController+TKCategory.h */ = {isa = PBXFileReference; fileEncoding = 4; lastKnownFileType = sourcecode.c.h; path = "UIImagePickerController+TKCategory.h"; sourceTree = "<group>"; };
		BB1E75FF178065F7005A5A98 /* UIImagePickerController+TKCategory.m */ = {isa = PBXFileReference; fileEncoding = 4; lastKnownFileType = sourcecode.c.objc; path = "UIImagePickerController+TKCategory.m"; sourceTree = "<group>"; };
		BB1E7600178065F7005A5A98 /* UIImageView+TKCategory.h */ = {isa = PBXFileReference; fileEncoding = 4; lastKnownFileType = sourcecode.c.h; path = "UIImageView+TKCategory.h"; sourceTree = "<group>"; };
		BB1E7601178065F7005A5A98 /* UIImageView+TKCategory.m */ = {isa = PBXFileReference; fileEncoding = 4; lastKnownFileType = sourcecode.c.objc; path = "UIImageView+TKCategory.m"; sourceTree = "<group>"; };
		BB1E7602178065F7005A5A98 /* UIScrollview+TKCategory.h */ = {isa = PBXFileReference; fileEncoding = 4; lastKnownFileType = sourcecode.c.h; path = "UIScrollview+TKCategory.h"; sourceTree = "<group>"; };
		BB1E7603178065F7005A5A98 /* UIScrollview+TKCategory.m */ = {isa = PBXFileReference; fileEncoding = 4; lastKnownFileType = sourcecode.c.objc; path = "UIScrollview+TKCategory.m"; sourceTree = "<group>"; };
		BB1E7604178065F7005A5A98 /* UIView+TKCategory.h */ = {isa = PBXFileReference; fileEncoding = 4; lastKnownFileType = sourcecode.c.h; path = "UIView+TKCategory.h"; sourceTree = "<group>"; };
		BB1E7605178065F7005A5A98 /* UIView+TKCategory.m */ = {isa = PBXFileReference; fileEncoding = 4; lastKnownFileType = sourcecode.c.objc; path = "UIView+TKCategory.m"; sourceTree = "<group>"; };
		BB1E7638178067CC005A5A98 /* RankViewController.h */ = {isa = PBXFileReference; fileEncoding = 4; lastKnownFileType = sourcecode.c.h; path = RankViewController.h; sourceTree = "<group>"; };
		BB1E7639178067CC005A5A98 /* RankViewController.m */ = {isa = PBXFileReference; fileEncoding = 4; lastKnownFileType = sourcecode.c.objc; path = RankViewController.m; sourceTree = "<group>"; };
		BB1E763A178067CC005A5A98 /* SuggestionView.h */ = {isa = PBXFileReference; fileEncoding = 4; lastKnownFileType = sourcecode.c.h; path = SuggestionView.h; sourceTree = "<group>"; };
		BB1E763B178067CC005A5A98 /* SuggestionView.m */ = {isa = PBXFileReference; fileEncoding = 4; lastKnownFileType = sourcecode.c.objc; path = SuggestionView.m; sourceTree = "<group>"; };
		BB1E763C178067CC005A5A98 /* WatchViewController.h */ = {isa = PBXFileReference; fileEncoding = 4; lastKnownFileType = sourcecode.c.h; path = WatchViewController.h; sourceTree = "<group>"; };
		BB1E763D178067CC005A5A98 /* WatchViewController.m */ = {isa = PBXFileReference; fileEncoding = 4; lastKnownFileType = sourcecode.c.objc; path = WatchViewController.m; sourceTree = "<group>"; };
		BB1E763E178067CC005A5A98 /* WatchListViewController.h */ = {isa = PBXFileReference; fileEncoding = 4; lastKnownFileType = sourcecode.c.h; path = WatchListViewController.h; sourceTree = "<group>"; };
		BB1E763F178067CC005A5A98 /* WatchListViewController.m */ = {isa = PBXFileReference; fileEncoding = 4; lastKnownFileType = sourcecode.c.objc; path = WatchListViewController.m; sourceTree = "<group>"; };
		BB1E7640178067CC005A5A98 /* WatchListCell.h */ = {isa = PBXFileReference; fileEncoding = 4; lastKnownFileType = sourcecode.c.h; path = WatchListCell.h; sourceTree = "<group>"; };
		BB1E7641178067CC005A5A98 /* WatchListCell.m */ = {isa = PBXFileReference; fileEncoding = 4; lastKnownFileType = sourcecode.c.objc; path = WatchListCell.m; sourceTree = "<group>"; };
		BB1E7642178067CC005A5A98 /* ShopViewController.h */ = {isa = PBXFileReference; fileEncoding = 4; lastKnownFileType = sourcecode.c.h; path = ShopViewController.h; sourceTree = "<group>"; };
		BB1E7643178067CC005A5A98 /* ShopViewController.m */ = {isa = PBXFileReference; fileEncoding = 4; lastKnownFileType = sourcecode.c.objc; path = ShopViewController.m; sourceTree = "<group>"; };
		BB1E7644178067CC005A5A98 /* WatchDetailViewController.h */ = {isa = PBXFileReference; fileEncoding = 4; lastKnownFileType = sourcecode.c.h; path = WatchDetailViewController.h; sourceTree = "<group>"; };
		BB1E7645178067CC005A5A98 /* WatchDetailViewController.m */ = {isa = PBXFileReference; fileEncoding = 4; lastKnownFileType = sourcecode.c.objc; path = WatchDetailViewController.m; sourceTree = "<group>"; };
		BB1E7646178067CC005A5A98 /* CommentListViewController.h */ = {isa = PBXFileReference; fileEncoding = 4; lastKnownFileType = sourcecode.c.h; path = CommentListViewController.h; sourceTree = "<group>"; };
		BB1E7647178067CC005A5A98 /* CommentListViewController.m */ = {isa = PBXFileReference; fileEncoding = 4; lastKnownFileType = sourcecode.c.objc; path = CommentListViewController.m; sourceTree = "<group>"; };
		BB1E7648178067CC005A5A98 /* WatchDetailInfoCell.h */ = {isa = PBXFileReference; fileEncoding = 4; lastKnownFileType = sourcecode.c.h; path = WatchDetailInfoCell.h; sourceTree = "<group>"; };
		BB1E7649178067CC005A5A98 /* WatchDetailInfoCell.m */ = {isa = PBXFileReference; fileEncoding = 4; lastKnownFileType = sourcecode.c.objc; path = WatchDetailInfoCell.m; sourceTree = "<group>"; };
		BB1E764A178067CC005A5A98 /* WatchDetailCommentCell.h */ = {isa = PBXFileReference; fileEncoding = 4; lastKnownFileType = sourcecode.c.h; path = WatchDetailCommentCell.h; sourceTree = "<group>"; };
		BB1E764B178067CC005A5A98 /* WatchDetailCommentCell.m */ = {isa = PBXFileReference; fileEncoding = 4; lastKnownFileType = sourcecode.c.objc; path = WatchDetailCommentCell.m; sourceTree = "<group>"; };
		BB1E764C178067CC005A5A98 /* AddCommentViewController.h */ = {isa = PBXFileReference; fileEncoding = 4; lastKnownFileType = sourcecode.c.h; path = AddCommentViewController.h; sourceTree = "<group>"; };
		BB1E764D178067CC005A5A98 /* AddCommentViewController.m */ = {isa = PBXFileReference; fileEncoding = 4; lastKnownFileType = sourcecode.c.objc; path = AddCommentViewController.m; sourceTree = "<group>"; };
		BB1E764E178067CC005A5A98 /* ShopAnnotation.h */ = {isa = PBXFileReference; fileEncoding = 4; lastKnownFileType = sourcecode.c.h; path = ShopAnnotation.h; sourceTree = "<group>"; };
		BB1E764F178067CC005A5A98 /* ShopAnnotation.m */ = {isa = PBXFileReference; fileEncoding = 4; lastKnownFileType = sourcecode.c.objc; path = ShopAnnotation.m; sourceTree = "<group>"; };
		BB1E7650178067CC005A5A98 /* SettingsViewController.h */ = {isa = PBXFileReference; fileEncoding = 4; lastKnownFileType = sourcecode.c.h; path = SettingsViewController.h; sourceTree = "<group>"; };
		BB1E7651178067CC005A5A98 /* SettingsViewController.m */ = {isa = PBXFileReference; fileEncoding = 4; lastKnownFileType = sourcecode.c.objc; path = SettingsViewController.m; sourceTree = "<group>"; };
		BB1E7652178067CC005A5A98 /* SettingsCell.h */ = {isa = PBXFileReference; fileEncoding = 4; lastKnownFileType = sourcecode.c.h; path = SettingsCell.h; sourceTree = "<group>"; };
		BB1E7653178067CC005A5A98 /* SettingsCell.m */ = {isa = PBXFileReference; fileEncoding = 4; lastKnownFileType = sourcecode.c.objc; path = SettingsCell.m; sourceTree = "<group>"; };
		BB1E7654178067CC005A5A98 /* LoginViewController.h */ = {isa = PBXFileReference; fileEncoding = 4; lastKnownFileType = sourcecode.c.h; path = LoginViewController.h; sourceTree = "<group>"; };
		BB1E7655178067CC005A5A98 /* LoginViewController.m */ = {isa = PBXFileReference; fileEncoding = 4; lastKnownFileType = sourcecode.c.objc; path = LoginViewController.m; sourceTree = "<group>"; };
		BB1E7656178067CC005A5A98 /* RegisterViewController.h */ = {isa = PBXFileReference; fileEncoding = 4; lastKnownFileType = sourcecode.c.h; path = RegisterViewController.h; sourceTree = "<group>"; };
		BB1E7657178067CC005A5A98 /* RegisterViewController.m */ = {isa = PBXFileReference; fileEncoding = 4; lastKnownFileType = sourcecode.c.objc; path = RegisterViewController.m; sourceTree = "<group>"; };
		BB1E7658178067CC005A5A98 /* InputCell.h */ = {isa = PBXFileReference; fileEncoding = 4; lastKnownFileType = sourcecode.c.h; path = InputCell.h; sourceTree = "<group>"; };
		BB1E7659178067CC005A5A98 /* InputCell.m */ = {isa = PBXFileReference; fileEncoding = 4; lastKnownFileType = sourcecode.c.objc; path = InputCell.m; sourceTree = "<group>"; };
		BB1E765A178067CC005A5A98 /* StarIconView.h */ = {isa = PBXFileReference; fileEncoding = 4; lastKnownFileType = sourcecode.c.h; path = StarIconView.h; sourceTree = "<group>"; };
		BB1E765B178067CC005A5A98 /* StarIconView.m */ = {isa = PBXFileReference; fileEncoding = 4; lastKnownFileType = sourcecode.c.objc; path = StarIconView.m; sourceTree = "<group>"; };
		BB1E766F17806C1E005A5A98 /* MapKit.framework */ = {isa = PBXFileReference; lastKnownFileType = wrapper.framework; name = MapKit.framework; path = System/Library/Frameworks/MapKit.framework; sourceTree = SDKROOT; };
		BB1E767117806C2C005A5A98 /* ImageIO.framework */ = {isa = PBXFileReference; lastKnownFileType = wrapper.framework; name = ImageIO.framework; path = System/Library/Frameworks/ImageIO.framework; sourceTree = SDKROOT; };
		BB1E767217806C2C005A5A98 /* CoreImage.framework */ = {isa = PBXFileReference; lastKnownFileType = wrapper.framework; name = CoreImage.framework; path = System/Library/Frameworks/CoreImage.framework; sourceTree = SDKROOT; };
		BB1E767317806C2C005A5A98 /* CoreLocation.framework */ = {isa = PBXFileReference; lastKnownFileType = wrapper.framework; name = CoreLocation.framework; path = System/Library/Frameworks/CoreLocation.framework; sourceTree = SDKROOT; };
		BB1E767717806CC4005A5A98 /* Constants.h */ = {isa = PBXFileReference; fileEncoding = 4; lastKnownFileType = sourcecode.c.h; path = Constants.h; sourceTree = "<group>"; };
		BB1E767817806CC4005A5A98 /* Constants.m */ = {isa = PBXFileReference; fileEncoding = 4; lastKnownFileType = sourcecode.c.objc; path = Constants.m; sourceTree = "<group>"; };
		BB1E767B178075A9005A5A98 /* UIGlossyButton.h */ = {isa = PBXFileReference; fileEncoding = 4; lastKnownFileType = sourcecode.c.h; name = UIGlossyButton.h; path = Externals/UIGlossyButton/UIGlossyButton/UIGlossyButton.h; sourceTree = SOURCE_ROOT; };
		BB1E767C178075A9005A5A98 /* UIGlossyButton.m */ = {isa = PBXFileReference; fileEncoding = 4; lastKnownFileType = sourcecode.c.objc; name = UIGlossyButton.m; path = Externals/UIGlossyButton/UIGlossyButton/UIGlossyButton.m; sourceTree = SOURCE_ROOT; };
		BB1E767D178075A9005A5A98 /* UIView+LayerEffects.h */ = {isa = PBXFileReference; fileEncoding = 4; lastKnownFileType = sourcecode.c.h; name = "UIView+LayerEffects.h"; path = "Externals/UIGlossyButton/UIGlossyButton/UIView+LayerEffects.h"; sourceTree = SOURCE_ROOT; };
		BB1E767E178075A9005A5A98 /* UIView+LayerEffects.m */ = {isa = PBXFileReference; fileEncoding = 4; lastKnownFileType = sourcecode.c.objc; name = "UIView+LayerEffects.m"; path = "Externals/UIGlossyButton/UIGlossyButton/UIView+LayerEffects.m"; sourceTree = SOURCE_ROOT; };
		BB3BE23E174747A600773B16 /* WatchExpo.app */ = {isa = PBXFileReference; explicitFileType = wrapper.application; includeInIndex = 0; path = WatchExpo.app; sourceTree = BUILT_PRODUCTS_DIR; };
		BB3BE241174747A600773B16 /* UIKit.framework */ = {isa = PBXFileReference; lastKnownFileType = wrapper.framework; name = UIKit.framework; path = System/Library/Frameworks/UIKit.framework; sourceTree = SDKROOT; };
		BB3BE243174747A600773B16 /* Foundation.framework */ = {isa = PBXFileReference; lastKnownFileType = wrapper.framework; name = Foundation.framework; path = System/Library/Frameworks/Foundation.framework; sourceTree = SDKROOT; };
		BB3BE245174747A600773B16 /* CoreGraphics.framework */ = {isa = PBXFileReference; lastKnownFileType = wrapper.framework; name = CoreGraphics.framework; path = System/Library/Frameworks/CoreGraphics.framework; sourceTree = SDKROOT; };
		BB3BE249174747A600773B16 /* WatchExplorer-Info.plist */ = {isa = PBXFileReference; lastKnownFileType = text.plist.xml; path = "WatchExplorer-Info.plist"; sourceTree = "<group>"; };
		BB3BE24B174747A600773B16 /* en */ = {isa = PBXFileReference; lastKnownFileType = text.plist.strings; name = en; path = en.lproj/InfoPlist.strings; sourceTree = "<group>"; };
		BB3BE24D174747A600773B16 /* main.m */ = {isa = PBXFileReference; lastKnownFileType = sourcecode.c.objc; path = main.m; sourceTree = "<group>"; };
		BB3BE24F174747A600773B16 /* WatchExplorer-Prefix.pch */ = {isa = PBXFileReference; lastKnownFileType = sourcecode.c.h; path = "WatchExplorer-Prefix.pch"; sourceTree = "<group>"; };
		BB3BE250174747A600773B16 /* AppDelegate.h */ = {isa = PBXFileReference; lastKnownFileType = sourcecode.c.h; path = AppDelegate.h; sourceTree = "<group>"; };
		BB3BE251174747A600773B16 /* AppDelegate.m */ = {isa = PBXFileReference; lastKnownFileType = sourcecode.c.objc; path = AppDelegate.m; sourceTree = "<group>"; };
		BB3BE253174747A600773B16 /* Default.png */ = {isa = PBXFileReference; lastKnownFileType = image.png; path = Default.png; sourceTree = "<group>"; };
		BB3BE255174747A600773B16 /* Default@2x.png */ = {isa = PBXFileReference; lastKnownFileType = image.png; path = "Default@2x.png"; sourceTree = "<group>"; };
		BB3BE257174747A600773B16 /* Default-568h@2x.png */ = {isa = PBXFileReference; lastKnownFileType = image.png; path = "Default-568h@2x.png"; sourceTree = "<group>"; };
		BB3BE2671747487100773B16 /* AKTab.h */ = {isa = PBXFileReference; fileEncoding = 4; lastKnownFileType = sourcecode.c.h; path = AKTab.h; sourceTree = "<group>"; };
		BB3BE2681747487100773B16 /* AKTab.m */ = {isa = PBXFileReference; fileEncoding = 4; lastKnownFileType = sourcecode.c.objc; path = AKTab.m; sourceTree = "<group>"; };
		BB3BE2691747487100773B16 /* AKTabBar.h */ = {isa = PBXFileReference; fileEncoding = 4; lastKnownFileType = sourcecode.c.h; path = AKTabBar.h; sourceTree = "<group>"; };
		BB3BE26A1747487100773B16 /* AKTabBar.m */ = {isa = PBXFileReference; fileEncoding = 4; lastKnownFileType = sourcecode.c.objc; path = AKTabBar.m; sourceTree = "<group>"; };
		BB3BE26B1747487100773B16 /* AKTabBarController-Prefix.pch */ = {isa = PBXFileReference; fileEncoding = 4; lastKnownFileType = sourcecode.c.h; path = "AKTabBarController-Prefix.pch"; sourceTree = "<group>"; };
		BB3BE26C1747487100773B16 /* AKTabBarController.bundle */ = {isa = PBXFileReference; lastKnownFileType = "wrapper.plug-in"; path = AKTabBarController.bundle; sourceTree = "<group>"; };
		BB3BE26D1747487100773B16 /* AKTabBarController.h */ = {isa = PBXFileReference; fileEncoding = 4; lastKnownFileType = sourcecode.c.h; path = AKTabBarController.h; sourceTree = "<group>"; };
		BB3BE26E1747487100773B16 /* AKTabBarController.m */ = {isa = PBXFileReference; fileEncoding = 4; lastKnownFileType = sourcecode.c.objc; path = AKTabBarController.m; sourceTree = "<group>"; };
		BB3BE26F1747487100773B16 /* AKTabBarView.h */ = {isa = PBXFileReference; fileEncoding = 4; lastKnownFileType = sourcecode.c.h; path = AKTabBarView.h; sourceTree = "<group>"; };
		BB3BE2701747487100773B16 /* AKTabBarView.m */ = {isa = PBXFileReference; fileEncoding = 4; lastKnownFileType = sourcecode.c.objc; path = AKTabBarView.m; sourceTree = "<group>"; };
		BB3BE2711747487100773B16 /* UINavigationController+AKTabBarController.h */ = {isa = PBXFileReference; fileEncoding = 4; lastKnownFileType = sourcecode.c.h; path = "UINavigationController+AKTabBarController.h"; sourceTree = "<group>"; };
		BB3BE2721747487100773B16 /* UINavigationController+AKTabBarController.m */ = {isa = PBXFileReference; fileEncoding = 4; lastKnownFileType = sourcecode.c.objc; path = "UINavigationController+AKTabBarController.m"; sourceTree = "<group>"; };
		BB3BE2731747487100773B16 /* UIViewController+AKTabBarController.h */ = {isa = PBXFileReference; fileEncoding = 4; lastKnownFileType = sourcecode.c.h; path = "UIViewController+AKTabBarController.h"; sourceTree = "<group>"; };
		BB3BE2741747487100773B16 /* UIViewController+AKTabBarController.m */ = {isa = PBXFileReference; fileEncoding = 4; lastKnownFileType = sourcecode.c.objc; path = "UIViewController+AKTabBarController.m"; sourceTree = "<group>"; };
		BB3BE27C17474A0F00773B16 /* QuartzCore.framework */ = {isa = PBXFileReference; lastKnownFileType = wrapper.framework; name = QuartzCore.framework; path = System/Library/Frameworks/QuartzCore.framework; sourceTree = SDKROOT; };
		BB3BE28317474BEB00773B16 /* Reachability.h */ = {isa = PBXFileReference; fileEncoding = 4; lastKnownFileType = sourcecode.c.h; path = Reachability.h; sourceTree = "<group>"; };
		BB3BE28417474BEB00773B16 /* Reachability.m */ = {isa = PBXFileReference; fileEncoding = 4; lastKnownFileType = sourcecode.c.objc; path = Reachability.m; sourceTree = "<group>"; };
		BB3BE2FF17474D2400773B16 /* libxml2.dylib */ = {isa = PBXFileReference; lastKnownFileType = "compiled.mach-o.dylib"; name = libxml2.dylib; path = usr/lib/libxml2.dylib; sourceTree = SDKROOT; };
		BB3BE30117474D5200773B16 /* libz.dylib */ = {isa = PBXFileReference; lastKnownFileType = "compiled.mach-o.dylib"; name = libz.dylib; path = usr/lib/libz.dylib; sourceTree = SDKROOT; };
		BB3BE30517474E0100773B16 /* SystemConfiguration.framework */ = {isa = PBXFileReference; lastKnownFileType = wrapper.framework; name = SystemConfiguration.framework; path = System/Library/Frameworks/SystemConfiguration.framework; sourceTree = SDKROOT; };
		BB3BE30717474E2100773B16 /* MobileCoreServices.framework */ = {isa = PBXFileReference; lastKnownFileType = wrapper.framework; name = MobileCoreServices.framework; path = System/Library/Frameworks/MobileCoreServices.framework; sourceTree = SDKROOT; };
		BB3BE30F1747579A00773B16 /* ThemeManager.h */ = {isa = PBXFileReference; fileEncoding = 4; lastKnownFileType = sourcecode.c.h; path = ThemeManager.h; sourceTree = "<group>"; };
		BB3BE3101747579A00773B16 /* ThemeManager.m */ = {isa = PBXFileReference; fileEncoding = 4; lastKnownFileType = sourcecode.c.objc; path = ThemeManager.m; sourceTree = "<group>"; };
		BB3BE312174757E500773B16 /* ThemeProtocol.h */ = {isa = PBXFileReference; lastKnownFileType = sourcecode.c.h; path = ThemeProtocol.h; sourceTree = "<group>"; };
		BB3BE3131747582400773B16 /* DefaultTheme.h */ = {isa = PBXFileReference; fileEncoding = 4; lastKnownFileType = sourcecode.c.h; path = DefaultTheme.h; sourceTree = "<group>"; };
		BB3BE3141747582400773B16 /* DefaultTheme.m */ = {isa = PBXFileReference; fileEncoding = 4; lastKnownFileType = sourcecode.c.objc; path = DefaultTheme.m; sourceTree = "<group>"; };
		BB3BE31717475AD100773B16 /* CoreData.framework */ = {isa = PBXFileReference; lastKnownFileType = wrapper.framework; name = CoreData.framework; path = System/Library/Frameworks/CoreData.framework; sourceTree = SDKROOT; };
		BB3BE31F17475D4400773B16 /* DataModelFactory.h */ = {isa = PBXFileReference; fileEncoding = 4; lastKnownFileType = sourcecode.c.h; name = DataModelFactory.h; path = DataModel/DataModelFactory.h; sourceTree = "<group>"; };
		BB3BE32017475D4400773B16 /* DataModelFactory.m */ = {isa = PBXFileReference; fileEncoding = 4; lastKnownFileType = sourcecode.c.objc; name = DataModelFactory.m; path = DataModel/DataModelFactory.m; sourceTree = "<group>"; };
		BB3BE32317475DA200773B16 /* CachingDataModel.xcdatamodel */ = {isa = PBXFileReference; lastKnownFileType = wrapper.xcdatamodel; path = CachingDataModel.xcdatamodel; sourceTree = "<group>"; };
		BB3BE3251747621500773B16 /* genmodel.sh */ = {isa = PBXFileReference; lastKnownFileType = text.script.sh; path = genmodel.sh; sourceTree = "<group>"; };
		BB3BE3281747679900773B16 /* _Watch.h */ = {isa = PBXFileReference; fileEncoding = 4; lastKnownFileType = sourcecode.c.h; name = _Watch.h; path = DataModel/Generated/_Watch.h; sourceTree = "<group>"; };
		BB3BE3291747679900773B16 /* _Watch.m */ = {isa = PBXFileReference; fileEncoding = 4; lastKnownFileType = sourcecode.c.objc; name = _Watch.m; path = DataModel/Generated/_Watch.m; sourceTree = "<group>"; };
		BB3BE32A1747679900773B16 /* _WatchStore.h */ = {isa = PBXFileReference; fileEncoding = 4; lastKnownFileType = sourcecode.c.h; name = _WatchStore.h; path = DataModel/Generated/_WatchStore.h; sourceTree = "<group>"; };
		BB3BE32B1747679900773B16 /* _WatchStore.m */ = {isa = PBXFileReference; fileEncoding = 4; lastKnownFileType = sourcecode.c.objc; name = _WatchStore.m; path = DataModel/Generated/_WatchStore.m; sourceTree = "<group>"; };
		BB3BE338174767B600773B16 /* CachingDataModel.h */ = {isa = PBXFileReference; lastKnownFileType = sourcecode.c.h; name = CachingDataModel.h; path = DataModel/CachingDataModel.h; sourceTree = "<group>"; };
		BB3BE33A174768A700773B16 /* NSManagedObjectContext+Utilities.h */ = {isa = PBXFileReference; fileEncoding = 4; lastKnownFileType = sourcecode.c.h; path = "NSManagedObjectContext+Utilities.h"; sourceTree = "<group>"; };
		BB3BE33B174768A700773B16 /* NSManagedObjectContext+Utilities.m */ = {isa = PBXFileReference; fileEncoding = 4; lastKnownFileType = sourcecode.c.objc; path = "NSManagedObjectContext+Utilities.m"; sourceTree = "<group>"; };
		BB3BE33F1747697300773B16 /* Watch.h */ = {isa = PBXFileReference; fileEncoding = 4; lastKnownFileType = sourcecode.c.h; name = Watch.h; path = DataModel/Entities/Watch.h; sourceTree = "<group>"; };
		BB3BE3401747697700773B16 /* Watch.m */ = {isa = PBXFileReference; fileEncoding = 4; lastKnownFileType = sourcecode.c.objc; name = Watch.m; path = DataModel/Entities/Watch.m; sourceTree = "<group>"; };
		BB3BE3411747697B00773B16 /* WatchStore.h */ = {isa = PBXFileReference; fileEncoding = 4; lastKnownFileType = sourcecode.c.h; name = WatchStore.h; path = DataModel/Entities/WatchStore.h; sourceTree = "<group>"; };
		BB3BE3421747698300773B16 /* WatchStore.m */ = {isa = PBXFileReference; fileEncoding = 4; lastKnownFileType = sourcecode.c.objc; name = WatchStore.m; path = DataModel/Entities/WatchStore.m; sourceTree = "<group>"; };
		BB3BE34B174775FF00773B16 /* HomeViewController.xib */ = {isa = PBXFileReference; fileEncoding = 4; lastKnownFileType = file.xib; name = HomeViewController.xib; path = WatchExplorer/HomeViewController.xib; sourceTree = "<group>"; };
		BB6D900F174A79430078D5B1 /* _User.h */ = {isa = PBXFileReference; fileEncoding = 4; lastKnownFileType = sourcecode.c.h; name = _User.h; path = DataModel/Generated/_User.h; sourceTree = "<group>"; };
		BB6D9010174A79430078D5B1 /* _User.m */ = {isa = PBXFileReference; fileEncoding = 4; lastKnownFileType = sourcecode.c.objc; name = _User.m; path = DataModel/Generated/_User.m; sourceTree = "<group>"; };
		BB6D9012174A794D0078D5B1 /* User.h */ = {isa = PBXFileReference; fileEncoding = 4; lastKnownFileType = sourcecode.c.h; name = User.h; path = DataModel/Entities/User.h; sourceTree = "<group>"; };
		BB6D9013174A794D0078D5B1 /* User.m */ = {isa = PBXFileReference; fileEncoding = 4; lastKnownFileType = sourcecode.c.objc; name = User.m; path = DataModel/Entities/User.m; sourceTree = "<group>"; };
		BBBDFF1B17478A09008498DE /* AFHTTPClient.h */ = {isa = PBXFileReference; fileEncoding = 4; lastKnownFileType = sourcecode.c.h; path = AFHTTPClient.h; sourceTree = "<group>"; };
		BBBDFF1C17478A09008498DE /* AFHTTPClient.m */ = {isa = PBXFileReference; fileEncoding = 4; lastKnownFileType = sourcecode.c.objc; path = AFHTTPClient.m; sourceTree = "<group>"; };
		BBBDFF1D17478A09008498DE /* AFHTTPRequestOperation.h */ = {isa = PBXFileReference; fileEncoding = 4; lastKnownFileType = sourcecode.c.h; path = AFHTTPRequestOperation.h; sourceTree = "<group>"; };
		BBBDFF1E17478A09008498DE /* AFHTTPRequestOperation.m */ = {isa = PBXFileReference; fileEncoding = 4; lastKnownFileType = sourcecode.c.objc; path = AFHTTPRequestOperation.m; sourceTree = "<group>"; };
		BBBDFF1F17478A09008498DE /* AFImageRequestOperation.h */ = {isa = PBXFileReference; fileEncoding = 4; lastKnownFileType = sourcecode.c.h; path = AFImageRequestOperation.h; sourceTree = "<group>"; };
		BBBDFF2017478A09008498DE /* AFImageRequestOperation.m */ = {isa = PBXFileReference; fileEncoding = 4; lastKnownFileType = sourcecode.c.objc; path = AFImageRequestOperation.m; sourceTree = "<group>"; };
		BBBDFF2117478A09008498DE /* AFJSONRequestOperation.h */ = {isa = PBXFileReference; fileEncoding = 4; lastKnownFileType = sourcecode.c.h; path = AFJSONRequestOperation.h; sourceTree = "<group>"; };
		BBBDFF2217478A09008498DE /* AFJSONRequestOperation.m */ = {isa = PBXFileReference; fileEncoding = 4; lastKnownFileType = sourcecode.c.objc; path = AFJSONRequestOperation.m; sourceTree = "<group>"; };
		BBBDFF2317478A09008498DE /* AFNetworkActivityIndicatorManager.h */ = {isa = PBXFileReference; fileEncoding = 4; lastKnownFileType = sourcecode.c.h; path = AFNetworkActivityIndicatorManager.h; sourceTree = "<group>"; };
		BBBDFF2417478A09008498DE /* AFNetworkActivityIndicatorManager.m */ = {isa = PBXFileReference; fileEncoding = 4; lastKnownFileType = sourcecode.c.objc; path = AFNetworkActivityIndicatorManager.m; sourceTree = "<group>"; };
		BBBDFF2517478A09008498DE /* AFNetworking.h */ = {isa = PBXFileReference; fileEncoding = 4; lastKnownFileType = sourcecode.c.h; path = AFNetworking.h; sourceTree = "<group>"; };
		BBBDFF2617478A09008498DE /* AFPropertyListRequestOperation.h */ = {isa = PBXFileReference; fileEncoding = 4; lastKnownFileType = sourcecode.c.h; path = AFPropertyListRequestOperation.h; sourceTree = "<group>"; };
		BBBDFF2717478A09008498DE /* AFPropertyListRequestOperation.m */ = {isa = PBXFileReference; fileEncoding = 4; lastKnownFileType = sourcecode.c.objc; path = AFPropertyListRequestOperation.m; sourceTree = "<group>"; };
		BBBDFF2817478A09008498DE /* AFURLConnectionOperation.h */ = {isa = PBXFileReference; fileEncoding = 4; lastKnownFileType = sourcecode.c.h; path = AFURLConnectionOperation.h; sourceTree = "<group>"; };
		BBBDFF2917478A09008498DE /* AFURLConnectionOperation.m */ = {isa = PBXFileReference; fileEncoding = 4; lastKnownFileType = sourcecode.c.objc; path = AFURLConnectionOperation.m; sourceTree = "<group>"; };
		BBBDFF2A17478A09008498DE /* AFXMLRequestOperation.h */ = {isa = PBXFileReference; fileEncoding = 4; lastKnownFileType = sourcecode.c.h; path = AFXMLRequestOperation.h; sourceTree = "<group>"; };
		BBBDFF2B17478A09008498DE /* AFXMLRequestOperation.m */ = {isa = PBXFileReference; fileEncoding = 4; lastKnownFileType = sourcecode.c.objc; path = AFXMLRequestOperation.m; sourceTree = "<group>"; };
		BBBDFF2C17478A09008498DE /* UIImageView+AFNetworking.h */ = {isa = PBXFileReference; fileEncoding = 4; lastKnownFileType = sourcecode.c.h; path = "UIImageView+AFNetworking.h"; sourceTree = "<group>"; };
		BBBDFF2D17478A09008498DE /* UIImageView+AFNetworking.m */ = {isa = PBXFileReference; fileEncoding = 4; lastKnownFileType = sourcecode.c.objc; path = "UIImageView+AFNetworking.m"; sourceTree = "<group>"; };
		BBBDFF371747D34E008498DE /* NetworkClient.h */ = {isa = PBXFileReference; fileEncoding = 4; lastKnownFileType = sourcecode.c.h; path = NetworkClient.h; sourceTree = "<group>"; };
		BBBDFF381747D34E008498DE /* NetworkClient.m */ = {isa = PBXFileReference; fileEncoding = 4; lastKnownFileType = sourcecode.c.objc; path = NetworkClient.m; sourceTree = "<group>"; };
/* End PBXFileReference section */

/* Begin PBXFrameworksBuildPhase section */
		BB3BE23B174747A600773B16 /* Frameworks */ = {
			isa = PBXFrameworksBuildPhase;
			buildActionMask = 2147483647;
			files = (
				BB3BE242174747A600773B16 /* UIKit.framework in Frameworks */,
				BB3BE244174747A600773B16 /* Foundation.framework in Frameworks */,
				BB1E767617806C2C005A5A98 /* CoreLocation.framework in Frameworks */,
				BB1E767017806C1E005A5A98 /* MapKit.framework in Frameworks */,
				BB3BE246174747A600773B16 /* CoreGraphics.framework in Frameworks */,
				BB3BE27D17474A0F00773B16 /* QuartzCore.framework in Frameworks */,
				BB3BE30017474D2400773B16 /* libxml2.dylib in Frameworks */,
				BB3BE30217474D5200773B16 /* libz.dylib in Frameworks */,
				BB1E767417806C2C005A5A98 /* ImageIO.framework in Frameworks */,
				BB3BE30617474E0100773B16 /* SystemConfiguration.framework in Frameworks */,
				BB3BE30817474E2100773B16 /* MobileCoreServices.framework in Frameworks */,
				BB3BE31817475AD100773B16 /* CoreData.framework in Frameworks */,
				BB1E767517806C2C005A5A98 /* CoreImage.framework in Frameworks */,
			);
			runOnlyForDeploymentPostprocessing = 0;
		};
/* End PBXFrameworksBuildPhase section */

/* Begin PBXGroup section */
		BB1E75A0178065F7005A5A98 /* TapkuLibrary */ = {
			isa = PBXGroup;
			children = (
				BB1E75A1178065F7005A5A98 /* NSArray+TKCategory.h */,
				BB1E75A2178065F7005A5A98 /* NSArray+TKCategory.m */,
				BB1E75A3178065F7005A5A98 /* NSDate+CalendarGrid.h */,
				BB1E75A4178065F7005A5A98 /* NSDate+CalendarGrid.m */,
				BB1E75A5178065F7005A5A98 /* NSDate+TKCategory.h */,
				BB1E75A6178065F7005A5A98 /* NSDate+TKCategory.m */,
				BB1E75A7178065F7005A5A98 /* NSMutableArray+TKCategory.h */,
				BB1E75A8178065F7005A5A98 /* NSMutableArray+TKCategory.m */,
				BB1E75A9178065F7005A5A98 /* NSObject+TKCategory.h */,
				BB1E75AA178065F7005A5A98 /* NSObject+TKCategory.m */,
				BB1E75AB178065F7005A5A98 /* NSString+TKCategory.h */,
				BB1E75AC178065F7005A5A98 /* NSString+TKCategory.m */,
				BB1E75AD178065F7005A5A98 /* TapkuLibrary.h */,
				BB1E75AE178065F7005A5A98 /* TKAlertCenter.h */,
				BB1E75AF178065F7005A5A98 /* TKAlertCenter.m */,
				BB1E75B0178065F7005A5A98 /* TKAppDelegate.h */,
				BB1E75B1178065F7005A5A98 /* TKAppDelegate.m */,
				BB1E75B2178065F7005A5A98 /* TKButtonCell.h */,
				BB1E75B3178065F7005A5A98 /* TKButtonCell.m */,
				BB1E75B4178065F7005A5A98 /* TKCalendarDayEventView.h */,
				BB1E75B5178065F7005A5A98 /* TKCalendarDayEventView.m */,
				BB1E75B6178065F7005A5A98 /* TKCalendarDayView.h */,
				BB1E75B7178065F7005A5A98 /* TKCalendarDayView.m */,
				BB1E75B8178065F7005A5A98 /* TKCalendarDayViewController.h */,
				BB1E75B9178065F7005A5A98 /* TKCalendarDayViewController.m */,
				BB1E75BA178065F7005A5A98 /* TKCalendarMonthTableViewController.h */,
				BB1E75BB178065F7005A5A98 /* TKCalendarMonthTableViewController.m */,
				BB1E75BC178065F7005A5A98 /* TKCalendarMonthView.h */,
				BB1E75BD178065F7005A5A98 /* TKCalendarMonthView.m */,
				BB1E75BE178065F7005A5A98 /* TKCalendarMonthViewController.h */,
				BB1E75BF178065F7005A5A98 /* TKCalendarMonthViewController.m */,
				BB1E75C0178065F7005A5A98 /* TKCoverflowView.h */,
				BB1E75C1178065F7005A5A98 /* TKCoverflowView.m */,
				BB1E75C2178065F7005A5A98 /* TKEmptyView.h */,
				BB1E75C3178065F7005A5A98 /* TKEmptyView.m */,
				BB1E75C4178065F7005A5A98 /* TKGlobal.h */,
				BB1E75C5178065F7005A5A98 /* TKGlobal.m */,
				BB1E75C6178065F7005A5A98 /* TKGradientView.h */,
				BB1E75C7178065F7005A5A98 /* TKGradientView.m */,
				BB1E75C8178065F7005A5A98 /* TKHTTPRequest.h */,
				BB1E75C9178065F7005A5A98 /* TKHTTPRequest.m */,
				BB1E75CA178065F7005A5A98 /* TKImageCache.h */,
				BB1E75CB178065F7005A5A98 /* TKImageCache.m */,
				BB1E75CC178065F7005A5A98 /* TKLabelCell.h */,
				BB1E75CD178065F7005A5A98 /* TKLabelCell.m */,
				BB1E75CE178065F7005A5A98 /* TKLabelFieldCell.h */,
				BB1E75CF178065F7005A5A98 /* TKLabelFieldCell.m */,
				BB1E75D0178065F7005A5A98 /* TKLabelSwitchCell.h */,
				BB1E75D1178065F7005A5A98 /* TKLabelSwitchCell.m */,
				BB1E75D2178065F7005A5A98 /* TKLabelTextFieldCell.h */,
				BB1E75D3178065F7005A5A98 /* TKLabelTextFieldCell.m */,
				BB1E75D4178065F7005A5A98 /* TKLabelTextViewCell.h */,
				BB1E75D5178065F7005A5A98 /* TKLabelTextViewCell.m */,
				BB1E75D6178065F7005A5A98 /* TKLoadingView.h */,
				BB1E75D7178065F7005A5A98 /* TKLoadingView.m */,
				BB1E75D8178065F7005A5A98 /* TKNetworkQueue.h */,
				BB1E75D9178065F7005A5A98 /* TKNetworkQueue.m */,
				BB1E75DA178065F7005A5A98 /* TKProgressAlertView.h */,
				BB1E75DB178065F7005A5A98 /* TKProgressAlertView.m */,
				BB1E75DC178065F7005A5A98 /* TKProgressBarView.h */,
				BB1E75DD178065F7005A5A98 /* TKProgressBarView.m */,
				BB1E75DE178065F7005A5A98 /* TKProgressCircleView.h */,
				BB1E75DF178065F7005A5A98 /* TKProgressCircleView.m */,
				BB1E75E0178065F7005A5A98 /* TKShapeView.h */,
				BB1E75E1178065F7005A5A98 /* TKShapeView.m */,
				BB1E75E2178065F7005A5A98 /* TKSlideToUnlockView.h */,
				BB1E75E3178065F7005A5A98 /* TKSlideToUnlockView.m */,
				BB1E75E4178065F7005A5A98 /* TKSwitchCell.h */,
				BB1E75E5178065F7005A5A98 /* TKSwitchCell.m */,
				BB1E75E6178065F7005A5A98 /* TKTableViewCell.h */,
				BB1E75E7178065F7005A5A98 /* TKTableViewCell.m */,
				BB1E75E8178065F7005A5A98 /* TKTableViewController.h */,
				BB1E75E9178065F7005A5A98 /* TKTableViewController.m */,
				BB1E75EA178065F7005A5A98 /* TKTextFieldCell.h */,
				BB1E75EB178065F7005A5A98 /* TKTextFieldCell.m */,
				BB1E75EC178065F7005A5A98 /* TKTextView.h */,
				BB1E75ED178065F7005A5A98 /* TKTextView.m */,
				BB1E75EE178065F7005A5A98 /* TKTextViewCell.h */,
				BB1E75EF178065F7005A5A98 /* TKTextViewCell.m */,
				BB1E75F0178065F7005A5A98 /* TKViewController.h */,
				BB1E75F1178065F7005A5A98 /* TKViewController.m */,
				BB1E75F2178065F7005A5A98 /* TKWebViewController.h */,
				BB1E75F3178065F7005A5A98 /* TKWebViewController.m */,
				BB1E75F4178065F7005A5A98 /* TKWindow.h */,
				BB1E75F5178065F7005A5A98 /* TKWindow.m */,
				BB1E75F6178065F7005A5A98 /* UIBarButtonItem+TKCategory.h */,
				BB1E75F7178065F7005A5A98 /* UIBarButtonItem+TKCategory.m */,
				BB1E75F8178065F7005A5A98 /* UIButton+TKCategory.h */,
				BB1E75F9178065F7005A5A98 /* UIButton+TKCategory.m */,
				BB1E75FA178065F7005A5A98 /* UIColor+TKCategory.h */,
				BB1E75FB178065F7005A5A98 /* UIColor+TKCategory.m */,
				BB1E75FC178065F7005A5A98 /* UIImage+TKCategory.h */,
				BB1E75FD178065F7005A5A98 /* UIImage+TKCategory.m */,
				BB1E75FE178065F7005A5A98 /* UIImagePickerController+TKCategory.h */,
				BB1E75FF178065F7005A5A98 /* UIImagePickerController+TKCategory.m */,
				BB1E7600178065F7005A5A98 /* UIImageView+TKCategory.h */,
				BB1E7601178065F7005A5A98 /* UIImageView+TKCategory.m */,
				BB1E7602178065F7005A5A98 /* UIScrollview+TKCategory.h */,
				BB1E7603178065F7005A5A98 /* UIScrollview+TKCategory.m */,
				BB1E7604178065F7005A5A98 /* UIView+TKCategory.h */,
				BB1E7605178065F7005A5A98 /* UIView+TKCategory.m */,
			);
			name = TapkuLibrary;
			path = Externals/TapkuLibrary/src/TapkuLibrary;
			sourceTree = SOURCE_ROOT;
		};
		BB1E766E17806856005A5A98 /* Categories */ = {
			isa = PBXGroup;
			children = (
				BB3BE33A174768A700773B16 /* NSManagedObjectContext+Utilities.h */,
				BB3BE33B174768A700773B16 /* NSManagedObjectContext+Utilities.m */,
			);
			name = Categories;
			path = WatchExplorer;
			sourceTree = "<group>";
		};
		BB1E767A17807584005A5A98 /* UIGlossyButton */ = {
			isa = PBXGroup;
			children = (
				BB1E767B178075A9005A5A98 /* UIGlossyButton.h */,
				BB1E767C178075A9005A5A98 /* UIGlossyButton.m */,
				BB1E767D178075A9005A5A98 /* UIView+LayerEffects.h */,
				BB1E767E178075A9005A5A98 /* UIView+LayerEffects.m */,
			);
			name = UIGlossyButton;
			sourceTree = "<group>";
		};
		BB3BE235174747A600773B16 = {
			isa = PBXGroup;
			children = (
				BB3BE2641747483400773B16 /* Classes */,
				BB3BE31917475C0900773B16 /* Data Model */,
				BB3BE31617475A8800773B16 /* Interfaces */,
				BB1E766E17806856005A5A98 /* Categories */,
				BB3BE2651747483C00773B16 /* External */,
				BB3BE247174747A600773B16 /* WatchExplorer */,
				BB3BE240174747A600773B16 /* Frameworks */,
				BB3BE23F174747A600773B16 /* Products */,
			);
			sourceTree = "<group>";
		};
		BB3BE23F174747A600773B16 /* Products */ = {
			isa = PBXGroup;
			children = (
				BB3BE23E174747A600773B16 /* WatchExpo.app */,
			);
			name = Products;
			sourceTree = "<group>";
		};
		BB3BE240174747A600773B16 /* Frameworks */ = {
			isa = PBXGroup;
			children = (
				BB3BE30117474D5200773B16 /* libz.dylib */,
				BB3BE2FF17474D2400773B16 /* libxml2.dylib */,
				BB1E767117806C2C005A5A98 /* ImageIO.framework */,
				BB1E767217806C2C005A5A98 /* CoreImage.framework */,
				BB1E767317806C2C005A5A98 /* CoreLocation.framework */,
				BB1E766F17806C1E005A5A98 /* MapKit.framework */,
				BB3BE31717475AD100773B16 /* CoreData.framework */,
				BB3BE30717474E2100773B16 /* MobileCoreServices.framework */,
				BB3BE30517474E0100773B16 /* SystemConfiguration.framework */,
				BB3BE27C17474A0F00773B16 /* QuartzCore.framework */,
				BB3BE241174747A600773B16 /* UIKit.framework */,
				BB3BE243174747A600773B16 /* Foundation.framework */,
				BB3BE245174747A600773B16 /* CoreGraphics.framework */,
			);
			name = Frameworks;
			sourceTree = "<group>";
		};
		BB3BE247174747A600773B16 /* WatchExplorer */ = {
			isa = PBXGroup;
			children = (
				BB3BE250174747A600773B16 /* AppDelegate.h */,
				BB3BE251174747A600773B16 /* AppDelegate.m */,
				BB1E767717806CC4005A5A98 /* Constants.h */,
				BB1E767817806CC4005A5A98 /* Constants.m */,
				BB3BE248174747A600773B16 /* Supporting Files */,
			);
			path = WatchExplorer;
			sourceTree = "<group>";
		};
		BB3BE248174747A600773B16 /* Supporting Files */ = {
			isa = PBXGroup;
			children = (
				BB3BE249174747A600773B16 /* WatchExplorer-Info.plist */,
				BB3BE24A174747A600773B16 /* InfoPlist.strings */,
				BB3BE24D174747A600773B16 /* main.m */,
				BB3BE24F174747A600773B16 /* WatchExplorer-Prefix.pch */,
				BB3BE253174747A600773B16 /* Default.png */,
				BB3BE255174747A600773B16 /* Default@2x.png */,
				BB3BE257174747A600773B16 /* Default-568h@2x.png */,
			);
			name = "Supporting Files";
			sourceTree = "<group>";
		};
		BB3BE2641747483400773B16 /* Classes */ = {
			isa = PBXGroup;
			children = (
				BB3BE3391747686300773B16 /* Utilities */,
				BB3BE28117474A9B00773B16 /* Theme */,
				BB3BE28017474A9200773B16 /* Network */,
				BB3BE27F17474A7E00773B16 /* Views */,
				BB3BE27E17474A7400773B16 /* ViewControllers */,
			);
			name = Classes;
			path = WatchExplorer;
			sourceTree = "<group>";
		};
		BB3BE2651747483C00773B16 /* External */ = {
			isa = PBXGroup;
			children = (
				BB1E767A17807584005A5A98 /* UIGlossyButton */,
				BB1E75A0178065F7005A5A98 /* TapkuLibrary */,
				BBBDFF1A17478A09008498DE /* AFNetworking */,
				BB3BE28217474BEA00773B16 /* Reachability */,
				BB3BE2661747487100773B16 /* AKTabBarController */,
			);
			name = External;
			path = WatchExplorer;
			sourceTree = "<group>";
		};
		BB3BE2661747487100773B16 /* AKTabBarController */ = {
			isa = PBXGroup;
			children = (
				BB3BE2671747487100773B16 /* AKTab.h */,
				BB3BE2681747487100773B16 /* AKTab.m */,
				BB3BE2691747487100773B16 /* AKTabBar.h */,
				BB3BE26A1747487100773B16 /* AKTabBar.m */,
				BB3BE26B1747487100773B16 /* AKTabBarController-Prefix.pch */,
				BB3BE26C1747487100773B16 /* AKTabBarController.bundle */,
				BB3BE26D1747487100773B16 /* AKTabBarController.h */,
				BB3BE26E1747487100773B16 /* AKTabBarController.m */,
				BB3BE26F1747487100773B16 /* AKTabBarView.h */,
				BB3BE2701747487100773B16 /* AKTabBarView.m */,
				BB3BE2711747487100773B16 /* UINavigationController+AKTabBarController.h */,
				BB3BE2721747487100773B16 /* UINavigationController+AKTabBarController.m */,
				BB3BE2731747487100773B16 /* UIViewController+AKTabBarController.h */,
				BB3BE2741747487100773B16 /* UIViewController+AKTabBarController.m */,
			);
			name = AKTabBarController;
			path = Externals/AKTabBarController;
			sourceTree = SOURCE_ROOT;
		};
		BB3BE27E17474A7400773B16 /* ViewControllers */ = {
			isa = PBXGroup;
			children = (
				BB1E75941780605C005A5A98 /* NewsViewController.h */,
				BB1E75951780605C005A5A98 /* NewsViewController.m */,
				BB1E7597178060A9005A5A98 /* NewsDetailViewController.h */,
				BB1E7598178060A9005A5A98 /* NewsDetailViewController.m */,
				BB1E7638178067CC005A5A98 /* RankViewController.h */,
				BB1E7639178067CC005A5A98 /* RankViewController.m */,
				BB1E763A178067CC005A5A98 /* SuggestionView.h */,
				BB1E763B178067CC005A5A98 /* SuggestionView.m */,
				BB1E763C178067CC005A5A98 /* WatchViewController.h */,
				BB1E763D178067CC005A5A98 /* WatchViewController.m */,
				BB1E763E178067CC005A5A98 /* WatchListViewController.h */,
				BB1E763F178067CC005A5A98 /* WatchListViewController.m */,
				BB1E7642178067CC005A5A98 /* ShopViewController.h */,
				BB1E7643178067CC005A5A98 /* ShopViewController.m */,
				BB1E7644178067CC005A5A98 /* WatchDetailViewController.h */,
				BB1E7645178067CC005A5A98 /* WatchDetailViewController.m */,
				BB1E7646178067CC005A5A98 /* CommentListViewController.h */,
				BB1E7647178067CC005A5A98 /* CommentListViewController.m */,
				BB1E764C178067CC005A5A98 /* AddCommentViewController.h */,
				BB1E764D178067CC005A5A98 /* AddCommentViewController.m */,
				BB1E764E178067CC005A5A98 /* ShopAnnotation.h */,
				BB1E764F178067CC005A5A98 /* ShopAnnotation.m */,
				BB1E7650178067CC005A5A98 /* SettingsViewController.h */,
				BB1E7651178067CC005A5A98 /* SettingsViewController.m */,
				BB1E7654178067CC005A5A98 /* LoginViewController.h */,
				BB1E7655178067CC005A5A98 /* LoginViewController.m */,
				BB1E7656178067CC005A5A98 /* RegisterViewController.h */,
				BB1E7657178067CC005A5A98 /* RegisterViewController.m */,
			);
			name = ViewControllers;
			sourceTree = "<group>";
		};
		BB3BE27F17474A7E00773B16 /* Views */ = {
			isa = PBXGroup;
			children = (
				BB1E7599178060A9005A5A98 /* NewsViewImageCell.h */,
				BB1E759A178060A9005A5A98 /* NewsViewImageCell.m */,
				BB1E759B178060A9005A5A98 /* NewsViewNewsCell.h */,
				BB1E759C178060A9005A5A98 /* NewsViewNewsCell.m */,
				BB1E7640178067CC005A5A98 /* WatchListCell.h */,
				BB1E7641178067CC005A5A98 /* WatchListCell.m */,
				BB1E7648178067CC005A5A98 /* WatchDetailInfoCell.h */,
				BB1E7649178067CC005A5A98 /* WatchDetailInfoCell.m */,
				BB1E764A178067CC005A5A98 /* WatchDetailCommentCell.h */,
				BB1E764B178067CC005A5A98 /* WatchDetailCommentCell.m */,
				BB1E7652178067CC005A5A98 /* SettingsCell.h */,
				BB1E7653178067CC005A5A98 /* SettingsCell.m */,
				BB1E7658178067CC005A5A98 /* InputCell.h */,
				BB1E7659178067CC005A5A98 /* InputCell.m */,
				BB1E765A178067CC005A5A98 /* StarIconView.h */,
				BB1E765B178067CC005A5A98 /* StarIconView.m */,
			);
			name = Views;
			sourceTree = "<group>";
		};
		BB3BE28017474A9200773B16 /* Network */ = {
			isa = PBXGroup;
			children = (
				BBBDFF371747D34E008498DE /* NetworkClient.h */,
				BBBDFF381747D34E008498DE /* NetworkClient.m */,
			);
			name = Network;
			sourceTree = "<group>";
		};
		BB3BE28117474A9B00773B16 /* Theme */ = {
			isa = PBXGroup;
			children = (
				BB3BE312174757E500773B16 /* ThemeProtocol.h */,
				BB3BE30F1747579A00773B16 /* ThemeManager.h */,
				BB3BE3101747579A00773B16 /* ThemeManager.m */,
				BB3BE3131747582400773B16 /* DefaultTheme.h */,
				BB3BE3141747582400773B16 /* DefaultTheme.m */,
			);
			name = Theme;
			sourceTree = "<group>";
		};
		BB3BE28217474BEA00773B16 /* Reachability */ = {
			isa = PBXGroup;
			children = (
				BB3BE28317474BEB00773B16 /* Reachability.h */,
				BB3BE28417474BEB00773B16 /* Reachability.m */,
			);
			name = Reachability;
			path = Externals/Reachability;
			sourceTree = SOURCE_ROOT;
		};
		BB3BE31617475A8800773B16 /* Interfaces */ = {
			isa = PBXGroup;
			children = (
				BB3BE34B174775FF00773B16 /* HomeViewController.xib */,
			);
			name = Interfaces;
			sourceTree = "<group>";
		};
		BB3BE31917475C0900773B16 /* Data Model */ = {
			isa = PBXGroup;
			children = (
				BB6D9012174A794D0078D5B1 /* User.h */,
				BB6D9013174A794D0078D5B1 /* User.m */,
				BB3BE33F1747697300773B16 /* Watch.h */,
				BB3BE3401747697700773B16 /* Watch.m */,
				BB3BE3411747697B00773B16 /* WatchStore.h */,
				BB3BE3421747698300773B16 /* WatchStore.m */,
				BB3BE31D17475C8E00773B16 /* Generated:DO NOT EDIT THESE */,
				BB3BE338174767B600773B16 /* CachingDataModel.h */,
				BB3BE31F17475D4400773B16 /* DataModelFactory.h */,
				BB3BE32017475D4400773B16 /* DataModelFactory.m */,
				BB3BE32217475DA200773B16 /* CachingDataModel.xcdatamodeld */,
				BB3BE3251747621500773B16 /* genmodel.sh */,
			);
			name = "Data Model";
			sourceTree = "<group>";
		};
		BB3BE31D17475C8E00773B16 /* Generated:DO NOT EDIT THESE */ = {
			isa = PBXGroup;
			children = (
				BB6D900F174A79430078D5B1 /* _User.h */,
				BB6D9010174A79430078D5B1 /* _User.m */,
				BB3BE3281747679900773B16 /* _Watch.h */,
				BB3BE3291747679900773B16 /* _Watch.m */,
				BB3BE32A1747679900773B16 /* _WatchStore.h */,
				BB3BE32B1747679900773B16 /* _WatchStore.m */,
			);
			name = "Generated:DO NOT EDIT THESE";
			sourceTree = "<group>";
		};
		BB3BE3391747686300773B16 /* Utilities */ = {
			isa = PBXGroup;
			children = (
			);
			name = Utilities;
			path = ..;
			sourceTree = "<group>";
		};
		BBBDFF1A17478A09008498DE /* AFNetworking */ = {
			isa = PBXGroup;
			children = (
				BBBDFF1B17478A09008498DE /* AFHTTPClient.h */,
				BBBDFF1C17478A09008498DE /* AFHTTPClient.m */,
				BBBDFF1D17478A09008498DE /* AFHTTPRequestOperation.h */,
				BBBDFF1E17478A09008498DE /* AFHTTPRequestOperation.m */,
				BBBDFF1F17478A09008498DE /* AFImageRequestOperation.h */,
				BBBDFF2017478A09008498DE /* AFImageRequestOperation.m */,
				BBBDFF2117478A09008498DE /* AFJSONRequestOperation.h */,
				BBBDFF2217478A09008498DE /* AFJSONRequestOperation.m */,
				BBBDFF2317478A09008498DE /* AFNetworkActivityIndicatorManager.h */,
				BBBDFF2417478A09008498DE /* AFNetworkActivityIndicatorManager.m */,
				BBBDFF2517478A09008498DE /* AFNetworking.h */,
				BBBDFF2617478A09008498DE /* AFPropertyListRequestOperation.h */,
				BBBDFF2717478A09008498DE /* AFPropertyListRequestOperation.m */,
				BBBDFF2817478A09008498DE /* AFURLConnectionOperation.h */,
				BBBDFF2917478A09008498DE /* AFURLConnectionOperation.m */,
				BBBDFF2A17478A09008498DE /* AFXMLRequestOperation.h */,
				BBBDFF2B17478A09008498DE /* AFXMLRequestOperation.m */,
				BBBDFF2C17478A09008498DE /* UIImageView+AFNetworking.h */,
				BBBDFF2D17478A09008498DE /* UIImageView+AFNetworking.m */,
			);
			name = AFNetworking;
			path = Externals/AFNetworking;
			sourceTree = SOURCE_ROOT;
		};
/* End PBXGroup section */

/* Begin PBXNativeTarget section */
		BB3BE23D174747A600773B16 /* WatchExplorer */ = {
			isa = PBXNativeTarget;
			buildConfigurationList = BB3BE261174747A600773B16 /* Build configuration list for PBXNativeTarget "WatchExplorer" */;
			buildPhases = (
				BB3BE23A174747A600773B16 /* Sources */,
				BB3BE23B174747A600773B16 /* Frameworks */,
				BB3BE23C174747A600773B16 /* Resources */,
			);
			buildRules = (
			);
			dependencies = (
			);
			name = WatchExplorer;
			productName = WatchExplorer;
			productReference = BB3BE23E174747A600773B16 /* WatchExpo.app */;
			productType = "com.apple.product-type.application";
		};
/* End PBXNativeTarget section */

/* Begin PBXProject section */
		BB3BE236174747A600773B16 /* Project object */ = {
			isa = PBXProject;
			attributes = {
				LastUpgradeCheck = 0460;
				ORGANIZATIONNAME = "Kipp Li";
			};
			buildConfigurationList = BB3BE239174747A600773B16 /* Build configuration list for PBXProject "WatchExplorer" */;
			compatibilityVersion = "Xcode 3.2";
			developmentRegion = English;
			hasScannedForEncodings = 0;
			knownRegions = (
				en,
			);
			mainGroup = BB3BE235174747A600773B16;
			productRefGroup = BB3BE23F174747A600773B16 /* Products */;
			projectDirPath = "";
			projectRoot = "";
			targets = (
				BB3BE23D174747A600773B16 /* WatchExplorer */,
			);
		};
/* End PBXProject section */

/* Begin PBXResourcesBuildPhase section */
		BB3BE23C174747A600773B16 /* Resources */ = {
			isa = PBXResourcesBuildPhase;
			buildActionMask = 2147483647;
			files = (
				BB3BE24C174747A600773B16 /* InfoPlist.strings in Resources */,
				BB3BE254174747A600773B16 /* Default.png in Resources */,
				BB3BE256174747A600773B16 /* Default@2x.png in Resources */,
				BB3BE258174747A600773B16 /* Default-568h@2x.png in Resources */,
				BB3BE2771747487100773B16 /* AKTabBarController.bundle in Resources */,
				BB3BE34D174775FF00773B16 /* HomeViewController.xib in Resources */,
			);
			runOnlyForDeploymentPostprocessing = 0;
		};
/* End PBXResourcesBuildPhase section */

/* Begin PBXSourcesBuildPhase section */
		BB3BE23A174747A600773B16 /* Sources */ = {
			isa = PBXSourcesBuildPhase;
			buildActionMask = 2147483647;
			files = (
				BB1E762E178065F7005A5A98 /* TKWebViewController.m in Sources */,
				BB1E759F178060A9005A5A98 /* NewsViewNewsCell.m in Sources */,
				BB1E765C178067CC005A5A98 /* RankViewController.m in Sources */,
				BB3BE24E174747A600773B16 /* main.m in Sources */,
				BB1E766A178067CC005A5A98 /* LoginViewController.m in Sources */,
				BB1E7615178065F7005A5A98 /* TKCoverflowView.m in Sources */,
				BB1E765D178067CC005A5A98 /* SuggestionView.m in Sources */,
				BB1E7636178065F7005A5A98 /* UIScrollview+TKCategory.m in Sources */,
				BB1E7611178065F7005A5A98 /* TKCalendarDayViewController.m in Sources */,
				BB1E759D178060A9005A5A98 /* NewsDetailViewController.m in Sources */,
				BB1E761E178065F7005A5A98 /* TKLabelTextFieldCell.m in Sources */,
				BB3BE252174747A600773B16 /* AppDelegate.m in Sources */,
				BB1E765F178067CC005A5A98 /* WatchListViewController.m in Sources */,
				BB1E7623178065F7005A5A98 /* TKProgressBarView.m in Sources */,
				BB1E762B178065F7005A5A98 /* TKTextView.m in Sources */,
				BB1E7612178065F7005A5A98 /* TKCalendarMonthTableViewController.m in Sources */,
				BB1E761A178065F7005A5A98 /* TKImageCache.m in Sources */,
				BB1E7666178067CC005A5A98 /* AddCommentViewController.m in Sources */,
				BB1E7626178065F7005A5A98 /* TKSlideToUnlockView.m in Sources */,
				BB1E7630178065F7005A5A98 /* UIBarButtonItem+TKCategory.m in Sources */,
				BB3BE2751747487100773B16 /* AKTab.m in Sources */,
				BB1E762A178065F7005A5A98 /* TKTextFieldCell.m in Sources */,
				BB3BE2761747487100773B16 /* AKTabBar.m in Sources */,
				BB3BE2781747487100773B16 /* AKTabBarController.m in Sources */,
				BB1E7634178065F7005A5A98 /* UIImagePickerController+TKCategory.m in Sources */,
				BB1E7665178067CC005A5A98 /* WatchDetailCommentCell.m in Sources */,
				BB1E7660178067CC005A5A98 /* WatchListCell.m in Sources */,
				BB1E7606178065F7005A5A98 /* NSArray+TKCategory.m in Sources */,
				BB1E762F178065F7005A5A98 /* TKWindow.m in Sources */,
				BB1E7632178065F7005A5A98 /* UIColor+TKCategory.m in Sources */,
				BB1E766C178067CC005A5A98 /* InputCell.m in Sources */,
				BB1E7618178065F7005A5A98 /* TKGradientView.m in Sources */,
				BB3BE2791747487100773B16 /* AKTabBarView.m in Sources */,
				BB3BE27A1747487100773B16 /* UINavigationController+AKTabBarController.m in Sources */,
				BB1E7613178065F7005A5A98 /* TKCalendarMonthView.m in Sources */,
				BB3BE27B1747487100773B16 /* UIViewController+AKTabBarController.m in Sources */,
				BB1E7607178065F7005A5A98 /* NSDate+CalendarGrid.m in Sources */,
				BB1E7619178065F7005A5A98 /* TKHTTPRequest.m in Sources */,
				BB3BE28517474BEB00773B16 /* Reachability.m in Sources */,
				BB3BE3111747579A00773B16 /* ThemeManager.m in Sources */,
				BB3BE3151747582400773B16 /* DefaultTheme.m in Sources */,
				BB1E7637178065F7005A5A98 /* UIView+TKCategory.m in Sources */,
				BB1E760D178065F7005A5A98 /* TKAppDelegate.m in Sources */,
				BB1E75961780605C005A5A98 /* NewsViewController.m in Sources */,
				BB3BE32117475D4400773B16 /* DataModelFactory.m in Sources */,
				BB1E7628178065F7005A5A98 /* TKTableViewCell.m in Sources */,
				BB3BE32417475DA200773B16 /* CachingDataModel.xcdatamodeld in Sources */,
				BB3BE32D1747679900773B16 /* _Watch.m in Sources */,
				BB1E760E178065F7005A5A98 /* TKButtonCell.m in Sources */,
				BB3BE32E1747679900773B16 /* _WatchStore.m in Sources */,
				BB1E761F178065F7005A5A98 /* TKLabelTextViewCell.m in Sources */,
				BB3BE33C174768A700773B16 /* NSManagedObjectContext+Utilities.m in Sources */,
				BB1E765E178067CC005A5A98 /* WatchViewController.m in Sources */,
				BB3BE3441747698B00773B16 /* Watch.m in Sources */,
				BB1E760C178065F7005A5A98 /* TKAlertCenter.m in Sources */,
				BB1E760B178065F7005A5A98 /* NSString+TKCategory.m in Sources */,
				BB1E7624178065F7005A5A98 /* TKProgressCircleView.m in Sources */,
				BB1E7625178065F7005A5A98 /* TKShapeView.m in Sources */,
				BB1E7609178065F7005A5A98 /* NSMutableArray+TKCategory.m in Sources */,
				BB3BE3451747698B00773B16 /* WatchStore.m in Sources */,
				BB1E761D178065F7005A5A98 /* TKLabelSwitchCell.m in Sources */,
				BB1E760A178065F7005A5A98 /* NSObject+TKCategory.m in Sources */,
				BB1E7610178065F7005A5A98 /* TKCalendarDayView.m in Sources */,
				BB1E767917806CC4005A5A98 /* Constants.m in Sources */,
				BB1E7680178075A9005A5A98 /* UIView+LayerEffects.m in Sources */,
				BBBDFF2E17478A09008498DE /* AFHTTPClient.m in Sources */,
				BB1E7627178065F7005A5A98 /* TKSwitchCell.m in Sources */,
				BB1E7664178067CC005A5A98 /* WatchDetailInfoCell.m in Sources */,
				BB1E7661178067CC005A5A98 /* ShopViewController.m in Sources */,
				BBBDFF2F17478A09008498DE /* AFHTTPRequestOperation.m in Sources */,
				BB1E762D178065F7005A5A98 /* TKViewController.m in Sources */,
				BBBDFF3017478A09008498DE /* AFImageRequestOperation.m in Sources */,
				BBBDFF3117478A09008498DE /* AFJSONRequestOperation.m in Sources */,
				BB1E759E178060A9005A5A98 /* NewsViewImageCell.m in Sources */,
				BBBDFF3217478A09008498DE /* AFNetworkActivityIndicatorManager.m in Sources */,
				BBBDFF3317478A09008498DE /* AFPropertyListRequestOperation.m in Sources */,
				BB1E762C178065F7005A5A98 /* TKTextViewCell.m in Sources */,
				BB1E7608178065F7005A5A98 /* NSDate+TKCategory.m in Sources */,
				BB1E761C178065F7005A5A98 /* TKLabelFieldCell.m in Sources */,
				BB1E761B178065F7005A5A98 /* TKLabelCell.m in Sources */,
				BB1E7621178065F7005A5A98 /* TKNetworkQueue.m in Sources */,
				BB1E7662178067CC005A5A98 /* WatchDetailViewController.m in Sources */,
				BBBDFF3417478A09008498DE /* AFURLConnectionOperation.m in Sources */,
				BBBDFF3517478A09008498DE /* AFXMLRequestOperation.m in Sources */,
				BB1E7667178067CC005A5A98 /* ShopAnnotation.m in Sources */,
				BB1E7635178065F7005A5A98 /* UIImageView+TKCategory.m in Sources */,
				BB1E7669178067CC005A5A98 /* SettingsCell.m in Sources */,
				BB1E7668178067CC005A5A98 /* SettingsViewController.m in Sources */,
				BB1E7617178065F7005A5A98 /* TKGlobal.m in Sources */,
				BB1E7622178065F7005A5A98 /* TKProgressAlertView.m in Sources */,
				BB1E7616178065F7005A5A98 /* TKEmptyView.m in Sources */,
				BB1E7614178065F7005A5A98 /* TKCalendarMonthViewController.m in Sources */,
				BBBDFF3617478A09008498DE /* UIImageView+AFNetworking.m in Sources */,
				BBBDFF391747D34E008498DE /* NetworkClient.m in Sources */,
				BB1E7629178065F7005A5A98 /* TKTableViewController.m in Sources */,
				BB6D9011174A79430078D5B1 /* _User.m in Sources */,
				BB6D9014174A794D0078D5B1 /* User.m in Sources */,
				BB1E766D178067CC005A5A98 /* StarIconView.m in Sources */,
				BB1E7633178065F7005A5A98 /* UIImage+TKCategory.m in Sources */,
				BB1E766B178067CC005A5A98 /* RegisterViewController.m in Sources */,
				BB1E7620178065F7005A5A98 /* TKLoadingView.m in Sources */,
				BB1E760F178065F7005A5A98 /* TKCalendarDayEventView.m in Sources */,
				BB1E7663178067CC005A5A98 /* CommentListViewController.m in Sources */,
				BB1E767F178075A9005A5A98 /* UIGlossyButton.m in Sources */,
				BB1E7631178065F7005A5A98 /* UIButton+TKCategory.m in Sources */,
			);
			runOnlyForDeploymentPostprocessing = 0;
		};
/* End PBXSourcesBuildPhase section */

/* Begin PBXVariantGroup section */
		BB3BE24A174747A600773B16 /* InfoPlist.strings */ = {
			isa = PBXVariantGroup;
			children = (
				BB3BE24B174747A600773B16 /* en */,
			);
			name = InfoPlist.strings;
			sourceTree = "<group>";
		};
/* End PBXVariantGroup section */

/* Begin XCBuildConfiguration section */
		BB3BE25F174747A600773B16 /* Debug */ = {
			isa = XCBuildConfiguration;
			buildSettings = {
				ALWAYS_SEARCH_USER_PATHS = NO;
				CLANG_CXX_LANGUAGE_STANDARD = "gnu++0x";
				CLANG_CXX_LIBRARY = "libc++";
				CLANG_ENABLE_OBJC_ARC = YES;
				CLANG_WARN_CONSTANT_CONVERSION = YES;
				CLANG_WARN_EMPTY_BODY = YES;
				CLANG_WARN_ENUM_CONVERSION = YES;
				CLANG_WARN_INT_CONVERSION = YES;
				CLANG_WARN__DUPLICATE_METHOD_MATCH = YES;
				"CODE_SIGN_IDENTITY[sdk=iphoneos*]" = "iPhone Developer";
				COPY_PHASE_STRIP = NO;
				GCC_C_LANGUAGE_STANDARD = gnu99;
				GCC_DYNAMIC_NO_PIC = NO;
				GCC_OPTIMIZATION_LEVEL = 0;
				GCC_PREPROCESSOR_DEFINITIONS = (
					"DEBUG=1",
					"$(inherited)",
				);
				GCC_SYMBOLS_PRIVATE_EXTERN = NO;
				GCC_WARN_ABOUT_RETURN_TYPE = YES;
				GCC_WARN_UNINITIALIZED_AUTOS = YES;
				GCC_WARN_UNUSED_VARIABLE = YES;
				IPHONEOS_DEPLOYMENT_TARGET = 6.1;
				ONLY_ACTIVE_ARCH = YES;
				SDKROOT = iphoneos;
			};
			name = Debug;
		};
		BB3BE260174747A600773B16 /* Release */ = {
			isa = XCBuildConfiguration;
			buildSettings = {
				ALWAYS_SEARCH_USER_PATHS = NO;
				CLANG_CXX_LANGUAGE_STANDARD = "gnu++0x";
				CLANG_CXX_LIBRARY = "libc++";
				CLANG_ENABLE_OBJC_ARC = YES;
				CLANG_WARN_CONSTANT_CONVERSION = YES;
				CLANG_WARN_EMPTY_BODY = YES;
				CLANG_WARN_ENUM_CONVERSION = YES;
				CLANG_WARN_INT_CONVERSION = YES;
				CLANG_WARN__DUPLICATE_METHOD_MATCH = YES;
				"CODE_SIGN_IDENTITY[sdk=iphoneos*]" = "iPhone Developer";
				COPY_PHASE_STRIP = YES;
				GCC_C_LANGUAGE_STANDARD = gnu99;
				GCC_WARN_ABOUT_RETURN_TYPE = YES;
				GCC_WARN_UNINITIALIZED_AUTOS = YES;
				GCC_WARN_UNUSED_VARIABLE = YES;
				IPHONEOS_DEPLOYMENT_TARGET = 6.1;
				OTHER_CFLAGS = "-DNS_BLOCK_ASSERTIONS=1";
				SDKROOT = iphoneos;
				VALIDATE_PRODUCT = YES;
			};
			name = Release;
		};
		BB3BE262174747A600773B16 /* Debug */ = {
			isa = XCBuildConfiguration;
			buildSettings = {
				GCC_PRECOMPILE_PREFIX_HEADER = YES;
				GCC_PREFIX_HEADER = "WatchExplorer/WatchExplorer-Prefix.pch";
				HEADER_SEARCH_PATHS = "${SDK_DIR}/usr/include/libxml2";
				INFOPLIST_FILE = "WatchExplorer/WatchExplorer-Info.plist";
				PRODUCT_NAME = WatchExpo;
				WRAPPER_EXTENSION = app;
			};
			name = Debug;
		};
		BB3BE263174747A600773B16 /* Release */ = {
			isa = XCBuildConfiguration;
			buildSettings = {
				GCC_PRECOMPILE_PREFIX_HEADER = YES;
				GCC_PREFIX_HEADER = "WatchExplorer/WatchExplorer-Prefix.pch";
				HEADER_SEARCH_PATHS = "${SDK_DIR}/usr/include/libxml2";
				INFOPLIST_FILE = "WatchExplorer/WatchExplorer-Info.plist";
				PRODUCT_NAME = WatchExpo;
				WRAPPER_EXTENSION = app;
			};
			name = Release;
		};
/* End XCBuildConfiguration section */

/* Begin XCConfigurationList section */
		BB3BE239174747A600773B16 /* Build configuration list for PBXProject "WatchExplorer" */ = {
			isa = XCConfigurationList;
			buildConfigurations = (
				BB3BE25F174747A600773B16 /* Debug */,
				BB3BE260174747A600773B16 /* Release */,
			);
			defaultConfigurationIsVisible = 0;
			defaultConfigurationName = Release;
		};
		BB3BE261174747A600773B16 /* Build configuration list for PBXNativeTarget "WatchExplorer" */ = {
			isa = XCConfigurationList;
			buildConfigurations = (
				BB3BE262174747A600773B16 /* Debug */,
				BB3BE263174747A600773B16 /* Release */,
			);
			defaultConfigurationIsVisible = 0;
			defaultConfigurationName = Release;
		};
/* End XCConfigurationList section */

/* Begin XCVersionGroup section */
		BB3BE32217475DA200773B16 /* CachingDataModel.xcdatamodeld */ = {
			isa = XCVersionGroup;
			children = (
				BB3BE32317475DA200773B16 /* CachingDataModel.xcdatamodel */,
			);
			currentVersion = BB3BE32317475DA200773B16 /* CachingDataModel.xcdatamodel */;
			name = CachingDataModel.xcdatamodeld;
			path = DataModel/Schema/CachingDataModel.xcdatamodeld;
			sourceTree = "<group>";
			versionGroupType = wrapper.xcdatamodel;
		};
/* End XCVersionGroup section */
	};
	rootObject = BB3BE236174747A600773B16 /* Project object */;
}
